// !$*UTF8*$!
{
	archiveVersion = 1;
	classes = {
	};
	objectVersion = 55;
	objects = {

/* Begin PBXBuildFile section */
		37A70FBE278A9C1F0043F071 /* AppDelegate.swift in Sources */ = {isa = PBXBuildFile; fileRef = 37A70FBD278A9C1F0043F071 /* AppDelegate.swift */; };
		37A70FC0278A9C1F0043F071 /* SceneDelegate.swift in Sources */ = {isa = PBXBuildFile; fileRef = 37A70FBF278A9C1F0043F071 /* SceneDelegate.swift */; };
		37A70FC2278A9C1F0043F071 /* ViewController.swift in Sources */ = {isa = PBXBuildFile; fileRef = 37A70FC1278A9C1F0043F071 /* ViewController.swift */; };
		37A70FC5278A9C1F0043F071 /* Main.storyboard in Resources */ = {isa = PBXBuildFile; fileRef = 37A70FC3278A9C1F0043F071 /* Main.storyboard */; };
		37A70FC7278A9C210043F071 /* Assets.xcassets in Resources */ = {isa = PBXBuildFile; fileRef = 37A70FC6278A9C210043F071 /* Assets.xcassets */; };
		37A70FCA278A9C210043F071 /* LaunchScreen.storyboard in Resources */ = {isa = PBXBuildFile; fileRef = 37A70FC8278A9C210043F071 /* LaunchScreen.storyboard */; };
		37A70FD2278A9E140043F071 /* DiaryCell.swift in Sources */ = {isa = PBXBuildFile; fileRef = 37A70FD1278A9E140043F071 /* DiaryCell.swift */; };
		37A70FD4278A9E4B0043F071 /* StarViewController.swift in Sources */ = {isa = PBXBuildFile; fileRef = 37A70FD3278A9E4B0043F071 /* StarViewController.swift */; };
		37A70FD6278A9F190043F071 /* StarCell.swift in Sources */ = {isa = PBXBuildFile; fileRef = 37A70FD5278A9F190043F071 /* StarCell.swift */; };
		37A70FD8278ABB7E0043F071 /* WriteDiaryViewController.swift in Sources */ = {isa = PBXBuildFile; fileRef = 37A70FD7278ABB7E0043F071 /* WriteDiaryViewController.swift */; };
		37A70FDA278ABBD80043F071 /* DiaryDetailViewController.swift in Sources */ = {isa = PBXBuildFile; fileRef = 37A70FD9278ABBD80043F071 /* DiaryDetailViewController.swift */; };
		37A70FDC278AC9670043F071 /* Diary.swift in Sources */ = {isa = PBXBuildFile; fileRef = 37A70FDB278AC9670043F071 /* Diary.swift */; };
/* End PBXBuildFile section */

/* Begin PBXFileReference section */
		37A70FBA278A9C1F0043F071 /* Diary.app */ = {isa = PBXFileReference; explicitFileType = wrapper.application; includeInIndex = 0; path = Diary.app; sourceTree = BUILT_PRODUCTS_DIR; };
		37A70FBD278A9C1F0043F071 /* AppDelegate.swift */ = {isa = PBXFileReference; lastKnownFileType = sourcecode.swift; path = AppDelegate.swift; sourceTree = "<group>"; };
		37A70FBF278A9C1F0043F071 /* SceneDelegate.swift */ = {isa = PBXFileReference; lastKnownFileType = sourcecode.swift; path = SceneDelegate.swift; sourceTree = "<group>"; };
		37A70FC1278A9C1F0043F071 /* ViewController.swift */ = {isa = PBXFileReference; lastKnownFileType = sourcecode.swift; path = ViewController.swift; sourceTree = "<group>"; };
		37A70FC4278A9C1F0043F071 /* Base */ = {isa = PBXFileReference; lastKnownFileType = file.storyboard; name = Base; path = Base.lproj/Main.storyboard; sourceTree = "<group>"; };
		37A70FC6278A9C210043F071 /* Assets.xcassets */ = {isa = PBXFileReference; lastKnownFileType = folder.assetcatalog; path = Assets.xcassets; sourceTree = "<group>"; };
		37A70FC9278A9C210043F071 /* Base */ = {isa = PBXFileReference; lastKnownFileType = file.storyboard; name = Base; path = Base.lproj/LaunchScreen.storyboard; sourceTree = "<group>"; };
		37A70FCB278A9C210043F071 /* Info.plist */ = {isa = PBXFileReference; lastKnownFileType = text.plist.xml; path = Info.plist; sourceTree = "<group>"; };
		37A70FD1278A9E140043F071 /* DiaryCell.swift */ = {isa = PBXFileReference; lastKnownFileType = sourcecode.swift; path = DiaryCell.swift; sourceTree = "<group>"; };
		37A70FD3278A9E4B0043F071 /* StarViewController.swift */ = {isa = PBXFileReference; lastKnownFileType = sourcecode.swift; path = StarViewController.swift; sourceTree = "<group>"; };
		37A70FD5278A9F190043F071 /* StarCell.swift */ = {isa = PBXFileReference; lastKnownFileType = sourcecode.swift; path = StarCell.swift; sourceTree = "<group>"; };
		37A70FD7278ABB7E0043F071 /* WriteDiaryViewController.swift */ = {isa = PBXFileReference; lastKnownFileType = sourcecode.swift; path = WriteDiaryViewController.swift; sourceTree = "<group>"; };
		37A70FD9278ABBD80043F071 /* DiaryDetailViewController.swift */ = {isa = PBXFileReference; lastKnownFileType = sourcecode.swift; path = DiaryDetailViewController.swift; sourceTree = "<group>"; };
		37A70FDB278AC9670043F071 /* Diary.swift */ = {isa = PBXFileReference; lastKnownFileType = sourcecode.swift; path = Diary.swift; sourceTree = "<group>"; };
/* End PBXFileReference section */

/* Begin PBXFrameworksBuildPhase section */
		37A70FB7278A9C1F0043F071 /* Frameworks */ = {
			isa = PBXFrameworksBuildPhase;
			buildActionMask = 2147483647;
			files = (
			);
			runOnlyForDeploymentPostprocessing = 0;
		};
/* End PBXFrameworksBuildPhase section */

/* Begin PBXGroup section */
		37A70FB1278A9C1F0043F071 = {
			isa = PBXGroup;
			children = (
				37A70FBC278A9C1F0043F071 /* Diary */,
				37A70FBB278A9C1F0043F071 /* Products */,
			);
			sourceTree = "<group>";
		};
		37A70FBB278A9C1F0043F071 /* Products */ = {
			isa = PBXGroup;
			children = (
				37A70FBA278A9C1F0043F071 /* Diary.app */,
			);
			name = Products;
			sourceTree = "<group>";
		};
		37A70FBC278A9C1F0043F071 /* Diary */ = {
			isa = PBXGroup;
			children = (
				37A70FBD278A9C1F0043F071 /* AppDelegate.swift */,
				37A70FBF278A9C1F0043F071 /* SceneDelegate.swift */,
				37A70FC1278A9C1F0043F071 /* ViewController.swift */,
				37A70FD3278A9E4B0043F071 /* StarViewController.swift */,
				37A70FD7278ABB7E0043F071 /* WriteDiaryViewController.swift */,
				37A70FDB278AC9670043F071 /* Diary.swift */,
				37A70FC3278A9C1F0043F071 /* Main.storyboard */,
				37A70FD9278ABBD80043F071 /* DiaryDetailViewController.swift */,
				37A70FD5278A9F190043F071 /* StarCell.swift */,
				37A70FD1278A9E140043F071 /* DiaryCell.swift */,
				37A70FC6278A9C210043F071 /* Assets.xcassets */,
				37A70FC8278A9C210043F071 /* LaunchScreen.storyboard */,
				37A70FCB278A9C210043F071 /* Info.plist */,
			);
			path = Diary;
			sourceTree = "<group>";
		};
/* End PBXGroup section */

/* Begin PBXNativeTarget section */
		37A70FB9278A9C1F0043F071 /* Diary */ = {
			isa = PBXNativeTarget;
			buildConfigurationList = 37A70FCE278A9C210043F071 /* Build configuration list for PBXNativeTarget "Diary" */;
			buildPhases = (
				37A70FB6278A9C1F0043F071 /* Sources */,
				37A70FB7278A9C1F0043F071 /* Frameworks */,
				37A70FB8278A9C1F0043F071 /* Resources */,
			);
			buildRules = (
			);
			dependencies = (
			);
			name = Diary;
			productName = Diary;
			productReference = 37A70FBA278A9C1F0043F071 /* Diary.app */;
			productType = "com.apple.product-type.application";
		};
/* End PBXNativeTarget section */

/* Begin PBXProject section */
		37A70FB2278A9C1F0043F071 /* Project object */ = {
			isa = PBXProject;
			attributes = {
				BuildIndependentTargetsInParallel = 1;
				LastSwiftUpdateCheck = 1320;
				LastUpgradeCheck = 1320;
				TargetAttributes = {
					37A70FB9278A9C1F0043F071 = {
						CreatedOnToolsVersion = 13.2.1;
					};
				};
			};
			buildConfigurationList = 37A70FB5278A9C1F0043F071 /* Build configuration list for PBXProject "Diary" */;
			compatibilityVersion = "Xcode 13.0";
			developmentRegion = en;
			hasScannedForEncodings = 0;
			knownRegions = (
				en,
				Base,
			);
			mainGroup = 37A70FB1278A9C1F0043F071;
			productRefGroup = 37A70FBB278A9C1F0043F071 /* Products */;
			projectDirPath = "";
			projectRoot = "";
			targets = (
				37A70FB9278A9C1F0043F071 /* Diary */,
			);
		};
/* End PBXProject section */

/* Begin PBXResourcesBuildPhase section */
		37A70FB8278A9C1F0043F071 /* Resources */ = {
			isa = PBXResourcesBuildPhase;
			buildActionMask = 2147483647;
			files = (
				37A70FCA278A9C210043F071 /* LaunchScreen.storyboard in Resources */,
				37A70FC7278A9C210043F071 /* Assets.xcassets in Resources */,
				37A70FC5278A9C1F0043F071 /* Main.storyboard in Resources */,
			);
			runOnlyForDeploymentPostprocessing = 0;
		};
/* End PBXResourcesBuildPhase section */

/* Begin PBXSourcesBuildPhase section */
		37A70FB6278A9C1F0043F071 /* Sources */ = {
			isa = PBXSourcesBuildPhase;
			buildActionMask = 2147483647;
			files = (
				37A70FC2278A9C1F0043F071 /* ViewController.swift in Sources */,
				37A70FD8278ABB7E0043F071 /* WriteDiaryViewController.swift in Sources */,
				37A70FD6278A9F190043F071 /* StarCell.swift in Sources */,
				37A70FBE278A9C1F0043F071 /* AppDelegate.swift in Sources */,
				37A70FC0278A9C1F0043F071 /* SceneDelegate.swift in Sources */,
				37A70FDC278AC9670043F071 /* Diary.swift in Sources */,
				37A70FDA278ABBD80043F071 /* DiaryDetailViewController.swift in Sources */,
				37A70FD2278A9E140043F071 /* DiaryCell.swift in Sources */,
				37A70FD4278A9E4B0043F071 /* StarViewController.swift in Sources */,
			);
			runOnlyForDeploymentPostprocessing = 0;
		};
/* End PBXSourcesBuildPhase section */

/* Begin PBXVariantGroup section */
		37A70FC3278A9C1F0043F071 /* Main.storyboard */ = {
			isa = PBXVariantGroup;
			children = (
				37A70FC4278A9C1F0043F071 /* Base */,
			);
			name = Main.storyboard;
			sourceTree = "<group>";
		};
		37A70FC8278A9C210043F071 /* LaunchScreen.storyboard */ = {
			isa = PBXVariantGroup;
			children = (
				37A70FC9278A9C210043F071 /* Base */,
			);
			name = LaunchScreen.storyboard;
			sourceTree = "<group>";
		};
/* End PBXVariantGroup section */

/* Begin XCBuildConfiguration section */
		37A70FCC278A9C210043F071 /* Debug */ = {
			isa = XCBuildConfiguration;
			buildSettings = {
				ALWAYS_SEARCH_USER_PATHS = NO;
				CLANG_ANALYZER_NONNULL = YES;
				CLANG_ANALYZER_NUMBER_OBJECT_CONVERSION = YES_AGGRESSIVE;
				CLANG_CXX_LANGUAGE_STANDARD = "gnu++17";
				CLANG_CXX_LIBRARY = "libc++";
				CLANG_ENABLE_MODULES = YES;
				CLANG_ENABLE_OBJC_ARC = YES;
				CLANG_ENABLE_OBJC_WEAK = YES;
				CLANG_WARN_BLOCK_CAPTURE_AUTORELEASING = YES;
				CLANG_WARN_BOOL_CONVERSION = YES;
				CLANG_WARN_COMMA = YES;
				CLANG_WARN_CONSTANT_CONVERSION = YES;
				CLANG_WARN_DEPRECATED_OBJC_IMPLEMENTATIONS = YES;
				CLANG_WARN_DIRECT_OBJC_ISA_USAGE = YES_ERROR;
				CLANG_WARN_DOCUMENTATION_COMMENTS = YES;
				CLANG_WARN_EMPTY_BODY = YES;
				CLANG_WARN_ENUM_CONVERSION = YES;
				CLANG_WARN_INFINITE_RECURSION = YES;
				CLANG_WARN_INT_CONVERSION = YES;
				CLANG_WARN_NON_LITERAL_NULL_CONVERSION = YES;
				CLANG_WARN_OBJC_IMPLICIT_RETAIN_SELF = YES;
				CLANG_WARN_OBJC_LITERAL_CONVERSION = YES;
				CLANG_WARN_OBJC_ROOT_CLASS = YES_ERROR;
				CLANG_WARN_QUOTED_INCLUDE_IN_FRAMEWORK_HEADER = YES;
				CLANG_WARN_RANGE_LOOP_ANALYSIS = YES;
				CLANG_WARN_STRICT_PROTOTYPES = YES;
				CLANG_WARN_SUSPICIOUS_MOVE = YES;
				CLANG_WARN_UNGUARDED_AVAILABILITY = YES_AGGRESSIVE;
				CLANG_WARN_UNREACHABLE_CODE = YES;
				CLANG_WARN__DUPLICATE_METHOD_MATCH = YES;
				COPY_PHASE_STRIP = NO;
				DEBUG_INFORMATION_FORMAT = dwarf;
				ENABLE_STRICT_OBJC_MSGSEND = YES;
				ENABLE_TESTABILITY = YES;
				GCC_C_LANGUAGE_STANDARD = gnu11;
				GCC_DYNAMIC_NO_PIC = NO;
				GCC_NO_COMMON_BLOCKS = YES;
				GCC_OPTIMIZATION_LEVEL = 0;
				GCC_PREPROCESSOR_DEFINITIONS = (
					"DEBUG=1",
					"$(inherited)",
				);
				GCC_WARN_64_TO_32_BIT_CONVERSION = YES;
				GCC_WARN_ABOUT_RETURN_TYPE = YES_ERROR;
				GCC_WARN_UNDECLARED_SELECTOR = YES;
				GCC_WARN_UNINITIALIZED_AUTOS = YES_AGGRESSIVE;
				GCC_WARN_UNUSED_FUNCTION = YES;
				GCC_WARN_UNUSED_VARIABLE = YES;
				IPHONEOS_DEPLOYMENT_TARGET = 15.1;
				MTL_ENABLE_DEBUG_INFO = INCLUDE_SOURCE;
				MTL_FAST_MATH = YES;
				ONLY_ACTIVE_ARCH = YES;
				SDKROOT = iphoneos;
				SWIFT_ACTIVE_COMPILATION_CONDITIONS = DEBUG;
				SWIFT_OPTIMIZATION_LEVEL = "-Onone";
			};
			name = Debug;
		};
		37A70FCD278A9C210043F071 /* Release */ = {
			isa = XCBuildConfiguration;
			buildSettings = {
				ALWAYS_SEARCH_USER_PATHS = NO;
				CLANG_ANALYZER_NONNULL = YES;
				CLANG_ANALYZER_NUMBER_OBJECT_CONVERSION = YES_AGGRESSIVE;
				CLANG_CXX_LANGUAGE_STANDARD = "gnu++17";
				CLANG_CXX_LIBRARY = "libc++";
				CLANG_ENABLE_MODULES = YES;
				CLANG_ENABLE_OBJC_ARC = YES;
				CLANG_ENABLE_OBJC_WEAK = YES;
				CLANG_WARN_BLOCK_CAPTURE_AUTORELEASING = YES;
				CLANG_WARN_BOOL_CONVERSION = YES;
				CLANG_WARN_COMMA = YES;
				CLANG_WARN_CONSTANT_CONVERSION = YES;
				CLANG_WARN_DEPRECATED_OBJC_IMPLEMENTATIONS = YES;
				CLANG_WARN_DIRECT_OBJC_ISA_USAGE = YES_ERROR;
				CLANG_WARN_DOCUMENTATION_COMMENTS = YES;
				CLANG_WARN_EMPTY_BODY = YES;
				CLANG_WARN_ENUM_CONVERSION = YES;
				CLANG_WARN_INFINITE_RECURSION = YES;
				CLANG_WARN_INT_CONVERSION = YES;
				CLANG_WARN_NON_LITERAL_NULL_CONVERSION = YES;
				CLANG_WARN_OBJC_IMPLICIT_RETAIN_SELF = YES;
				CLANG_WARN_OBJC_LITERAL_CONVERSION = YES;
				CLANG_WARN_OBJC_ROOT_CLASS = YES_ERROR;
				CLANG_WARN_QUOTED_INCLUDE_IN_FRAMEWORK_HEADER = YES;
				CLANG_WARN_RANGE_LOOP_ANALYSIS = YES;
				CLANG_WARN_STRICT_PROTOTYPES = YES;
				CLANG_WARN_SUSPICIOUS_MOVE = YES;
				CLANG_WARN_UNGUARDED_AVAILABILITY = YES_AGGRESSIVE;
				CLANG_WARN_UNREACHABLE_CODE = YES;
				CLANG_WARN__DUPLICATE_METHOD_MATCH = YES;
				COPY_PHASE_STRIP = NO;
				DEBUG_INFORMATION_FORMAT = "dwarf-with-dsym";
				ENABLE_NS_ASSERTIONS = NO;
				ENABLE_STRICT_OBJC_MSGSEND = YES;
				GCC_C_LANGUAGE_STANDARD = gnu11;
				GCC_NO_COMMON_BLOCKS = YES;
				GCC_WARN_64_TO_32_BIT_CONVERSION = YES;
				GCC_WARN_ABOUT_RETURN_TYPE = YES_ERROR;
				GCC_WARN_UNDECLARED_SELECTOR = YES;
				GCC_WARN_UNINITIALIZED_AUTOS = YES_AGGRESSIVE;
				GCC_WARN_UNUSED_FUNCTION = YES;
				GCC_WARN_UNUSED_VARIABLE = YES;
				IPHONEOS_DEPLOYMENT_TARGET = 15.1;
				MTL_ENABLE_DEBUG_INFO = NO;
				MTL_FAST_MATH = YES;
				SDKROOT = iphoneos;
				SWIFT_COMPILATION_MODE = wholemodule;
				SWIFT_OPTIMIZATION_LEVEL = "-O";
				VALIDATE_PRODUCT = YES;
			};
			name = Release;
		};
		37A70FCF278A9C210043F071 /* Debug */ = {
			isa = XCBuildConfiguration;
			buildSettings = {
				ASSETCATALOG_COMPILER_APPICON_NAME = AppIcon;
				ASSETCATALOG_COMPILER_GLOBAL_ACCENT_COLOR_NAME = AccentColor;
				CODE_SIGN_STYLE = Automatic;
				CURRENT_PROJECT_VERSION = 1;
				DEVELOPMENT_TEAM = 28TQXS9NQX;
				GENERATE_INFOPLIST_FILE = YES;
				INFOPLIST_FILE = Diary/Info.plist;
				INFOPLIST_KEY_UIApplicationSupportsIndirectInputEvents = YES;
				INFOPLIST_KEY_UILaunchStoryboardName = LaunchScreen;
				INFOPLIST_KEY_UIMainStoryboardFile = Main;
				INFOPLIST_KEY_UISupportedInterfaceOrientations_iPad = "UIInterfaceOrientationPortrait UIInterfaceOrientationPortraitUpsideDown UIInterfaceOrientationLandscapeLeft UIInterfaceOrientationLandscapeRight";
				INFOPLIST_KEY_UISupportedInterfaceOrientations_iPhone = "UIInterfaceOrientationPortrait UIInterfaceOrientationLandscapeLeft UIInterfaceOrientationLandscapeRight";
				LD_RUNPATH_SEARCH_PATHS = (
					"$(inherited)",
					"@executable_path/Frameworks",
				);
				MARKETING_VERSION = 1.0;
				PRODUCT_BUNDLE_IDENTIFIER = com.tistory.sronsemiro.Diary;
				PRODUCT_NAME = "$(TARGET_NAME)";
				SWIFT_EMIT_LOC_STRINGS = YES;
				SWIFT_VERSION = 5.0;
				TARGETED_DEVICE_FAMILY = "1,2";
			};
			name = Debug;
		};
		37A70FD0278A9C210043F071 /* Release */ = {
			isa = XCBuildConfiguration;
			buildSettings = {
				ASSETCATALOG_COMPILER_APPICON_NAME = AppIcon;
				ASSETCATALOG_COMPILER_GLOBAL_ACCENT_COLOR_NAME = AccentColor;
				CODE_SIGN_STYLE = Automatic;
				CURRENT_PROJECT_VERSION = 1;
				DEVELOPMENT_TEAM = 28TQXS9NQX;
				GENERATE_INFOPLIST_FILE = YES;
				INFOPLIST_FILE = Diary/Info.plist;
				INFOPLIST_KEY_UIApplicationSupportsIndirectInputEvents = YES;
				INFOPLIST_KEY_UILaunchStoryboardName = LaunchScreen;
				INFOPLIST_KEY_UIMainStoryboardFile = Main;
				INFOPLIST_KEY_UISupportedInterfaceOrientations_iPad = "UIInterfaceOrientationPortrait UIInterfaceOrientationPortraitUpsideDown UIInterfaceOrientationLandscapeLeft UIInterfaceOrientationLandscapeRight";
				INFOPLIST_KEY_UISupportedInterfaceOrientations_iPhone = "UIInterfaceOrientationPortrait UIInterfaceOrientationLandscapeLeft UIInterfaceOrientationLandscapeRight";
				LD_RUNPATH_SEARCH_PATHS = (
					"$(inherited)",
					"@executable_path/Frameworks",
				);
				MARKETING_VERSION = 1.0;
				PRODUCT_BUNDLE_IDENTIFIER = com.tistory.sronsemiro.Diary;
				PRODUCT_NAME = "$(TARGET_NAME)";
				SWIFT_EMIT_LOC_STRINGS = YES;
				SWIFT_VERSION = 5.0;
				TARGETED_DEVICE_FAMILY = "1,2";
			};
			name = Release;
		};
/* End XCBuildConfiguration section */

/* Begin XCConfigurationList section */
		37A70FB5278A9C1F0043F071 /* Build configuration list for PBXProject "Diary" */ = {
			isa = XCConfigurationList;
			buildConfigurations = (
				37A70FCC278A9C210043F071 /* Debug */,
				37A70FCD278A9C210043F071 /* Release */,
			);
			defaultConfigurationIsVisible = 0;
			defaultConfigurationName = Release;
		};
		37A70FCE278A9C210043F071 /* Build configuration list for PBXNativeTarget "Diary" */ = {
			isa = XCConfigurationList;
			buildConfigurations = (
				37A70FCF278A9C210043F071 /* Debug */,
				37A70FD0278A9C210043F071 /* Release */,
			);
			defaultConfigurationIsVisible = 0;
			defaultConfigurationName = Release;
		};
/* End XCConfigurationList section */
	};
	rootObject = 37A70FB2278A9C1F0043F071 /* Project object */;
}
