// !$*UTF8*$!
{
	archiveVersion = 1;
	classes = {
	};
	objectVersion = 55;
	objects = {

/* Begin PBXBuildFile section */
		37315CA627B7F2B100A99DA1 /* AppDelegate.swift in Sources */ = {isa = PBXBuildFile; fileRef = 37315CA527B7F2B100A99DA1 /* AppDelegate.swift */; };
		37315CA827B7F2B100A99DA1 /* SceneDelegate.swift in Sources */ = {isa = PBXBuildFile; fileRef = 37315CA727B7F2B100A99DA1 /* SceneDelegate.swift */; };
		37315CAA27B7F2B100A99DA1 /* StationSearchViewController.swift in Sources */ = {isa = PBXBuildFile; fileRef = 37315CA927B7F2B100A99DA1 /* StationSearchViewController.swift */; };
		37315CAF27B7F2B300A99DA1 /* Assets.xcassets in Resources */ = {isa = PBXBuildFile; fileRef = 37315CAE27B7F2B300A99DA1 /* Assets.xcassets */; };
		37315CB227B7F2B300A99DA1 /* LaunchScreen.storyboard in Resources */ = {isa = PBXBuildFile; fileRef = 37315CB027B7F2B300A99DA1 /* LaunchScreen.storyboard */; };
		37315CBB27B7FBD400A99DA1 /* SnapKit in Frameworks */ = {isa = PBXBuildFile; productRef = 37315CBA27B7FBD400A99DA1 /* SnapKit */; };
		37315CBE27B7FC1400A99DA1 /* Alamofire in Frameworks */ = {isa = PBXBuildFile; productRef = 37315CBD27B7FC1400A99DA1 /* Alamofire */; };
		37315CC127B89F0B00A99DA1 /* StationDetailViewController.swift in Sources */ = {isa = PBXBuildFile; fileRef = 37315CC027B89F0B00A99DA1 /* StationDetailViewController.swift */; };
		37315CC327B8A17D00A99DA1 /* StationDetailCollectionViewCell.swift in Sources */ = {isa = PBXBuildFile; fileRef = 37315CC227B8A17D00A99DA1 /* StationDetailCollectionViewCell.swift */; };
		37315CC527B8B79B00A99DA1 /* StationResponseModel.swift in Sources */ = {isa = PBXBuildFile; fileRef = 37315CC427B8B79B00A99DA1 /* StationResponseModel.swift */; };
		37315CC727B94E4E00A99DA1 /* StationArrivalDataResponseModel.swift in Sources */ = {isa = PBXBuildFile; fileRef = 37315CC627B94E4E00A99DA1 /* StationArrivalDataResponseModel.swift */; };
/* End PBXBuildFile section */

/* Begin PBXFileReference section */
		37315CA227B7F2B100A99DA1 /* SubwayStation.app */ = {isa = PBXFileReference; explicitFileType = wrapper.application; includeInIndex = 0; path = SubwayStation.app; sourceTree = BUILT_PRODUCTS_DIR; };
		37315CA527B7F2B100A99DA1 /* AppDelegate.swift */ = {isa = PBXFileReference; lastKnownFileType = sourcecode.swift; path = AppDelegate.swift; sourceTree = "<group>"; };
		37315CA727B7F2B100A99DA1 /* SceneDelegate.swift */ = {isa = PBXFileReference; lastKnownFileType = sourcecode.swift; path = SceneDelegate.swift; sourceTree = "<group>"; };
		37315CA927B7F2B100A99DA1 /* StationSearchViewController.swift */ = {isa = PBXFileReference; lastKnownFileType = sourcecode.swift; path = StationSearchViewController.swift; sourceTree = "<group>"; };
		37315CAE27B7F2B300A99DA1 /* Assets.xcassets */ = {isa = PBXFileReference; lastKnownFileType = folder.assetcatalog; path = Assets.xcassets; sourceTree = "<group>"; };
		37315CB127B7F2B300A99DA1 /* Base */ = {isa = PBXFileReference; lastKnownFileType = file.storyboard; name = Base; path = Base.lproj/LaunchScreen.storyboard; sourceTree = "<group>"; };
		37315CB327B7F2B300A99DA1 /* Info.plist */ = {isa = PBXFileReference; lastKnownFileType = text.plist.xml; path = Info.plist; sourceTree = "<group>"; };
		37315CC027B89F0B00A99DA1 /* StationDetailViewController.swift */ = {isa = PBXFileReference; lastKnownFileType = sourcecode.swift; path = StationDetailViewController.swift; sourceTree = "<group>"; };
		37315CC227B8A17D00A99DA1 /* StationDetailCollectionViewCell.swift */ = {isa = PBXFileReference; lastKnownFileType = sourcecode.swift; path = StationDetailCollectionViewCell.swift; sourceTree = "<group>"; };
		37315CC427B8B79B00A99DA1 /* StationResponseModel.swift */ = {isa = PBXFileReference; lastKnownFileType = sourcecode.swift; path = StationResponseModel.swift; sourceTree = "<group>"; };
		37315CC627B94E4E00A99DA1 /* StationArrivalDataResponseModel.swift */ = {isa = PBXFileReference; lastKnownFileType = sourcecode.swift; path = StationArrivalDataResponseModel.swift; sourceTree = "<group>"; };
/* End PBXFileReference section */

/* Begin PBXFrameworksBuildPhase section */
		37315C9F27B7F2B100A99DA1 /* Frameworks */ = {
			isa = PBXFrameworksBuildPhase;
			buildActionMask = 2147483647;
			files = (
				37315CBB27B7FBD400A99DA1 /* SnapKit in Frameworks */,
				37315CBE27B7FC1400A99DA1 /* Alamofire in Frameworks */,
			);
			runOnlyForDeploymentPostprocessing = 0;
		};
/* End PBXFrameworksBuildPhase section */

/* Begin PBXGroup section */
		37315C9927B7F2B100A99DA1 = {
			isa = PBXGroup;
			children = (
				37315CA427B7F2B100A99DA1 /* SubwayStation */,
				37315CA327B7F2B100A99DA1 /* Products */,
			);
			sourceTree = "<group>";
		};
		37315CA327B7F2B100A99DA1 /* Products */ = {
			isa = PBXGroup;
			children = (
				37315CA227B7F2B100A99DA1 /* SubwayStation.app */,
			);
			name = Products;
			sourceTree = "<group>";
		};
		37315CA427B7F2B100A99DA1 /* SubwayStation */ = {
			isa = PBXGroup;
			children = (
				37315CA527B7F2B100A99DA1 /* AppDelegate.swift */,
				37315CA727B7F2B100A99DA1 /* SceneDelegate.swift */,
				37315CC427B8B79B00A99DA1 /* StationResponseModel.swift */,
				37315CC627B94E4E00A99DA1 /* StationArrivalDataResponseModel.swift */,
				37315CBF27B89EF600A99DA1 /* Scenes */,
				37315CAE27B7F2B300A99DA1 /* Assets.xcassets */,
				37315CB027B7F2B300A99DA1 /* LaunchScreen.storyboard */,
				37315CB327B7F2B300A99DA1 /* Info.plist */,
			);
			path = SubwayStation;
			sourceTree = "<group>";
		};
		37315CBF27B89EF600A99DA1 /* Scenes */ = {
			isa = PBXGroup;
			children = (
				37315CA927B7F2B100A99DA1 /* StationSearchViewController.swift */,
				37315CC027B89F0B00A99DA1 /* StationDetailViewController.swift */,
				37315CC227B8A17D00A99DA1 /* StationDetailCollectionViewCell.swift */,
			);
			path = Scenes;
			sourceTree = "<group>";
		};
/* End PBXGroup section */

/* Begin PBXNativeTarget section */
		37315CA127B7F2B100A99DA1 /* SubwayStation */ = {
			isa = PBXNativeTarget;
			buildConfigurationList = 37315CB627B7F2B300A99DA1 /* Build configuration list for PBXNativeTarget "SubwayStation" */;
			buildPhases = (
				37315C9E27B7F2B100A99DA1 /* Sources */,
				37315C9F27B7F2B100A99DA1 /* Frameworks */,
				37315CA027B7F2B100A99DA1 /* Resources */,
			);
			buildRules = (
			);
			dependencies = (
			);
			name = SubwayStation;
			packageProductDependencies = (
				37315CBA27B7FBD400A99DA1 /* SnapKit */,
				37315CBD27B7FC1400A99DA1 /* Alamofire */,
			);
			productName = SubwayStation;
			productReference = 37315CA227B7F2B100A99DA1 /* SubwayStation.app */;
			productType = "com.apple.product-type.application";
		};
/* End PBXNativeTarget section */

/* Begin PBXProject section */
		37315C9A27B7F2B100A99DA1 /* Project object */ = {
			isa = PBXProject;
			attributes = {
				BuildIndependentTargetsInParallel = 1;
				LastSwiftUpdateCheck = 1320;
				LastUpgradeCheck = 1320;
				TargetAttributes = {
					37315CA127B7F2B100A99DA1 = {
						CreatedOnToolsVersion = 13.2.1;
					};
				};
			};
			buildConfigurationList = 37315C9D27B7F2B100A99DA1 /* Build configuration list for PBXProject "SubwayStation" */;
			compatibilityVersion = "Xcode 13.0";
			developmentRegion = en;
			hasScannedForEncodings = 0;
			knownRegions = (
				en,
				Base,
			);
			mainGroup = 37315C9927B7F2B100A99DA1;
			packageReferences = (
				37315CB927B7FBD400A99DA1 /* XCRemoteSwiftPackageReference "SnapKit" */,
				37315CBC27B7FC1400A99DA1 /* XCRemoteSwiftPackageReference "Alamofire" */,
			);
			productRefGroup = 37315CA327B7F2B100A99DA1 /* Products */;
			projectDirPath = "";
			projectRoot = "";
			targets = (
				37315CA127B7F2B100A99DA1 /* SubwayStation */,
			);
		};
/* End PBXProject section */

/* Begin PBXResourcesBuildPhase section */
		37315CA027B7F2B100A99DA1 /* Resources */ = {
			isa = PBXResourcesBuildPhase;
			buildActionMask = 2147483647;
			files = (
				37315CB227B7F2B300A99DA1 /* LaunchScreen.storyboard in Resources */,
				37315CAF27B7F2B300A99DA1 /* Assets.xcassets in Resources */,
			);
			runOnlyForDeploymentPostprocessing = 0;
		};
/* End PBXResourcesBuildPhase section */

/* Begin PBXSourcesBuildPhase section */
		37315C9E27B7F2B100A99DA1 /* Sources */ = {
			isa = PBXSourcesBuildPhase;
			buildActionMask = 2147483647;
			files = (
				37315CC127B89F0B00A99DA1 /* StationDetailViewController.swift in Sources */,
				37315CC527B8B79B00A99DA1 /* StationResponseModel.swift in Sources */,
				37315CAA27B7F2B100A99DA1 /* StationSearchViewController.swift in Sources */,
				37315CC727B94E4E00A99DA1 /* StationArrivalDataResponseModel.swift in Sources */,
				37315CA627B7F2B100A99DA1 /* AppDelegate.swift in Sources */,
				37315CC327B8A17D00A99DA1 /* StationDetailCollectionViewCell.swift in Sources */,
				37315CA827B7F2B100A99DA1 /* SceneDelegate.swift in Sources */,
			);
			runOnlyForDeploymentPostprocessing = 0;
		};
/* End PBXSourcesBuildPhase section */

/* Begin PBXVariantGroup section */
		37315CB027B7F2B300A99DA1 /* LaunchScreen.storyboard */ = {
			isa = PBXVariantGroup;
			children = (
				37315CB127B7F2B300A99DA1 /* Base */,
			);
			name = LaunchScreen.storyboard;
			sourceTree = "<group>";
		};
/* End PBXVariantGroup section */

/* Begin XCBuildConfiguration section */
		37315CB427B7F2B300A99DA1 /* Debug */ = {
			isa = XCBuildConfiguration;
			buildSettings = {
				ALWAYS_SEARCH_USER_PATHS = NO;
				CLANG_ANALYZER_NONNULL = YES;
				CLANG_ANALYZER_NUMBER_OBJECT_CONVERSION = YES_AGGRESSIVE;
				CLANG_CXX_LANGUAGE_STANDARD = "gnu++17";
				CLANG_CXX_LIBRARY = "libc++";
				CLANG_ENABLE_MODULES = YES;
				CLANG_ENABLE_OBJC_ARC = YES;
				CLANG_ENABLE_OBJC_WEAK = YES;
				CLANG_WARN_BLOCK_CAPTURE_AUTORELEASING = YES;
				CLANG_WARN_BOOL_CONVERSION = YES;
				CLANG_WARN_COMMA = YES;
				CLANG_WARN_CONSTANT_CONVERSION = YES;
				CLANG_WARN_DEPRECATED_OBJC_IMPLEMENTATIONS = YES;
				CLANG_WARN_DIRECT_OBJC_ISA_USAGE = YES_ERROR;
				CLANG_WARN_DOCUMENTATION_COMMENTS = YES;
				CLANG_WARN_EMPTY_BODY = YES;
				CLANG_WARN_ENUM_CONVERSION = YES;
				CLANG_WARN_INFINITE_RECURSION = YES;
				CLANG_WARN_INT_CONVERSION = YES;
				CLANG_WARN_NON_LITERAL_NULL_CONVERSION = YES;
				CLANG_WARN_OBJC_IMPLICIT_RETAIN_SELF = YES;
				CLANG_WARN_OBJC_LITERAL_CONVERSION = YES;
				CLANG_WARN_OBJC_ROOT_CLASS = YES_ERROR;
				CLANG_WARN_QUOTED_INCLUDE_IN_FRAMEWORK_HEADER = YES;
				CLANG_WARN_RANGE_LOOP_ANALYSIS = YES;
				CLANG_WARN_STRICT_PROTOTYPES = YES;
				CLANG_WARN_SUSPICIOUS_MOVE = YES;
				CLANG_WARN_UNGUARDED_AVAILABILITY = YES_AGGRESSIVE;
				CLANG_WARN_UNREACHABLE_CODE = YES;
				CLANG_WARN__DUPLICATE_METHOD_MATCH = YES;
				COPY_PHASE_STRIP = NO;
				DEBUG_INFORMATION_FORMAT = dwarf;
				ENABLE_STRICT_OBJC_MSGSEND = YES;
				ENABLE_TESTABILITY = YES;
				GCC_C_LANGUAGE_STANDARD = gnu11;
				GCC_DYNAMIC_NO_PIC = NO;
				GCC_NO_COMMON_BLOCKS = YES;
				GCC_OPTIMIZATION_LEVEL = 0;
				GCC_PREPROCESSOR_DEFINITIONS = (
					"DEBUG=1",
					"$(inherited)",
				);
				GCC_WARN_64_TO_32_BIT_CONVERSION = YES;
				GCC_WARN_ABOUT_RETURN_TYPE = YES_ERROR;
				GCC_WARN_UNDECLARED_SELECTOR = YES;
				GCC_WARN_UNINITIALIZED_AUTOS = YES_AGGRESSIVE;
				GCC_WARN_UNUSED_FUNCTION = YES;
				GCC_WARN_UNUSED_VARIABLE = YES;
				IPHONEOS_DEPLOYMENT_TARGET = 15.2;
				MTL_ENABLE_DEBUG_INFO = INCLUDE_SOURCE;
				MTL_FAST_MATH = YES;
				ONLY_ACTIVE_ARCH = YES;
				SDKROOT = iphoneos;
				SWIFT_ACTIVE_COMPILATION_CONDITIONS = DEBUG;
				SWIFT_OPTIMIZATION_LEVEL = "-Onone";
			};
			name = Debug;
		};
		37315CB527B7F2B300A99DA1 /* Release */ = {
			isa = XCBuildConfiguration;
			buildSettings = {
				ALWAYS_SEARCH_USER_PATHS = NO;
				CLANG_ANALYZER_NONNULL = YES;
				CLANG_ANALYZER_NUMBER_OBJECT_CONVERSION = YES_AGGRESSIVE;
				CLANG_CXX_LANGUAGE_STANDARD = "gnu++17";
				CLANG_CXX_LIBRARY = "libc++";
				CLANG_ENABLE_MODULES = YES;
				CLANG_ENABLE_OBJC_ARC = YES;
				CLANG_ENABLE_OBJC_WEAK = YES;
				CLANG_WARN_BLOCK_CAPTURE_AUTORELEASING = YES;
				CLANG_WARN_BOOL_CONVERSION = YES;
				CLANG_WARN_COMMA = YES;
				CLANG_WARN_CONSTANT_CONVERSION = YES;
				CLANG_WARN_DEPRECATED_OBJC_IMPLEMENTATIONS = YES;
				CLANG_WARN_DIRECT_OBJC_ISA_USAGE = YES_ERROR;
				CLANG_WARN_DOCUMENTATION_COMMENTS = YES;
				CLANG_WARN_EMPTY_BODY = YES;
				CLANG_WARN_ENUM_CONVERSION = YES;
				CLANG_WARN_INFINITE_RECURSION = YES;
				CLANG_WARN_INT_CONVERSION = YES;
				CLANG_WARN_NON_LITERAL_NULL_CONVERSION = YES;
				CLANG_WARN_OBJC_IMPLICIT_RETAIN_SELF = YES;
				CLANG_WARN_OBJC_LITERAL_CONVERSION = YES;
				CLANG_WARN_OBJC_ROOT_CLASS = YES_ERROR;
				CLANG_WARN_QUOTED_INCLUDE_IN_FRAMEWORK_HEADER = YES;
				CLANG_WARN_RANGE_LOOP_ANALYSIS = YES;
				CLANG_WARN_STRICT_PROTOTYPES = YES;
				CLANG_WARN_SUSPICIOUS_MOVE = YES;
				CLANG_WARN_UNGUARDED_AVAILABILITY = YES_AGGRESSIVE;
				CLANG_WARN_UNREACHABLE_CODE = YES;
				CLANG_WARN__DUPLICATE_METHOD_MATCH = YES;
				COPY_PHASE_STRIP = NO;
				DEBUG_INFORMATION_FORMAT = "dwarf-with-dsym";
				ENABLE_NS_ASSERTIONS = NO;
				ENABLE_STRICT_OBJC_MSGSEND = YES;
				GCC_C_LANGUAGE_STANDARD = gnu11;
				GCC_NO_COMMON_BLOCKS = YES;
				GCC_WARN_64_TO_32_BIT_CONVERSION = YES;
				GCC_WARN_ABOUT_RETURN_TYPE = YES_ERROR;
				GCC_WARN_UNDECLARED_SELECTOR = YES;
				GCC_WARN_UNINITIALIZED_AUTOS = YES_AGGRESSIVE;
				GCC_WARN_UNUSED_FUNCTION = YES;
				GCC_WARN_UNUSED_VARIABLE = YES;
				IPHONEOS_DEPLOYMENT_TARGET = 15.2;
				MTL_ENABLE_DEBUG_INFO = NO;
				MTL_FAST_MATH = YES;
				SDKROOT = iphoneos;
				SWIFT_COMPILATION_MODE = wholemodule;
				SWIFT_OPTIMIZATION_LEVEL = "-O";
				VALIDATE_PRODUCT = YES;
			};
			name = Release;
		};
		37315CB727B7F2B300A99DA1 /* Debug */ = {
			isa = XCBuildConfiguration;
			buildSettings = {
				ASSETCATALOG_COMPILER_APPICON_NAME = AppIcon;
				ASSETCATALOG_COMPILER_GLOBAL_ACCENT_COLOR_NAME = AccentColor;
				CODE_SIGN_STYLE = Automatic;
				CURRENT_PROJECT_VERSION = 1;
				DEVELOPMENT_TEAM = 2TL3P2KALW;
				GENERATE_INFOPLIST_FILE = YES;
				INFOPLIST_FILE = SubwayStation/Info.plist;
				INFOPLIST_KEY_UIApplicationSupportsIndirectInputEvents = YES;
				INFOPLIST_KEY_UILaunchStoryboardName = LaunchScreen;
				INFOPLIST_KEY_UISupportedInterfaceOrientations_iPad = "UIInterfaceOrientationPortrait UIInterfaceOrientationPortraitUpsideDown UIInterfaceOrientationLandscapeLeft UIInterfaceOrientationLandscapeRight";
				INFOPLIST_KEY_UISupportedInterfaceOrientations_iPhone = "UIInterfaceOrientationPortrait UIInterfaceOrientationLandscapeLeft UIInterfaceOrientationLandscapeRight";
				LD_RUNPATH_SEARCH_PATHS = (
					"$(inherited)",
					"@executable_path/Frameworks",
				);
				MARKETING_VERSION = 1.0;
				PRODUCT_BUNDLE_IDENTIFIER = com.tistory.sronsemiro.SubwayStation;
				PRODUCT_NAME = "$(TARGET_NAME)";
				SWIFT_EMIT_LOC_STRINGS = YES;
				SWIFT_VERSION = 5.0;
				TARGETED_DEVICE_FAMILY = "1,2";
			};
			name = Debug;
		};
		37315CB827B7F2B300A99DA1 /* Release */ = {
			isa = XCBuildConfiguration;
			buildSettings = {
				ASSETCATALOG_COMPILER_APPICON_NAME = AppIcon;
				ASSETCATALOG_COMPILER_GLOBAL_ACCENT_COLOR_NAME = AccentColor;
				CODE_SIGN_STYLE = Automatic;
				CURRENT_PROJECT_VERSION = 1;
				DEVELOPMENT_TEAM = 2TL3P2KALW;
				GENERATE_INFOPLIST_FILE = YES;
				INFOPLIST_FILE = SubwayStation/Info.plist;
				INFOPLIST_KEY_UIApplicationSupportsIndirectInputEvents = YES;
				INFOPLIST_KEY_UILaunchStoryboardName = LaunchScreen;
				INFOPLIST_KEY_UISupportedInterfaceOrientations_iPad = "UIInterfaceOrientationPortrait UIInterfaceOrientationPortraitUpsideDown UIInterfaceOrientationLandscapeLeft UIInterfaceOrientationLandscapeRight";
				INFOPLIST_KEY_UISupportedInterfaceOrientations_iPhone = "UIInterfaceOrientationPortrait UIInterfaceOrientationLandscapeLeft UIInterfaceOrientationLandscapeRight";
				LD_RUNPATH_SEARCH_PATHS = (
					"$(inherited)",
					"@executable_path/Frameworks",
				);
				MARKETING_VERSION = 1.0;
				PRODUCT_BUNDLE_IDENTIFIER = com.tistory.sronsemiro.SubwayStation;
				PRODUCT_NAME = "$(TARGET_NAME)";
				SWIFT_EMIT_LOC_STRINGS = YES;
				SWIFT_VERSION = 5.0;
				TARGETED_DEVICE_FAMILY = "1,2";
			};
			name = Release;
		};
/* End XCBuildConfiguration section */

/* Begin XCConfigurationList section */
		37315C9D27B7F2B100A99DA1 /* Build configuration list for PBXProject "SubwayStation" */ = {
			isa = XCConfigurationList;
			buildConfigurations = (
				37315CB427B7F2B300A99DA1 /* Debug */,
				37315CB527B7F2B300A99DA1 /* Release */,
			);
			defaultConfigurationIsVisible = 0;
			defaultConfigurationName = Release;
		};
		37315CB627B7F2B300A99DA1 /* Build configuration list for PBXNativeTarget "SubwayStation" */ = {
			isa = XCConfigurationList;
			buildConfigurations = (
				37315CB727B7F2B300A99DA1 /* Debug */,
				37315CB827B7F2B300A99DA1 /* Release */,
			);
			defaultConfigurationIsVisible = 0;
			defaultConfigurationName = Release;
		};
/* End XCConfigurationList section */

/* Begin XCRemoteSwiftPackageReference section */
		37315CB927B7FBD400A99DA1 /* XCRemoteSwiftPackageReference "SnapKit" */ = {
			isa = XCRemoteSwiftPackageReference;
			repositoryURL = "https://github.com/SnapKit/SnapKit.git";
			requirement = {
				kind = upToNextMajorVersion;
				minimumVersion = 5.0.0;
			};
		};
		37315CBC27B7FC1400A99DA1 /* XCRemoteSwiftPackageReference "Alamofire" */ = {
			isa = XCRemoteSwiftPackageReference;
			repositoryURL = "https://github.com/Alamofire/Alamofire.git";
			requirement = {
				kind = upToNextMajorVersion;
				minimumVersion = 5.0.0;
			};
		};
/* End XCRemoteSwiftPackageReference section */

/* Begin XCSwiftPackageProductDependency section */
		37315CBA27B7FBD400A99DA1 /* SnapKit */ = {
			isa = XCSwiftPackageProductDependency;
			package = 37315CB927B7FBD400A99DA1 /* XCRemoteSwiftPackageReference "SnapKit" */;
			productName = SnapKit;
		};
		37315CBD27B7FC1400A99DA1 /* Alamofire */ = {
			isa = XCSwiftPackageProductDependency;
			package = 37315CBC27B7FC1400A99DA1 /* XCRemoteSwiftPackageReference "Alamofire" */;
			productName = Alamofire;
		};
/* End XCSwiftPackageProductDependency section */
	};
	rootObject = 37315C9A27B7F2B100A99DA1 /* Project object */;
}
