// !$*UTF8*$!
{
	archiveVersion = 1;
	classes = {
	};
	objectVersion = 55;
	objects = {

/* Begin PBXBuildFile section */
		37315CD527BC0AEE00A99DA1 /* AppDelegate.swift in Sources */ = {isa = PBXBuildFile; fileRef = 37315CD427BC0AEE00A99DA1 /* AppDelegate.swift */; };
		37315CD727BC0AEE00A99DA1 /* SceneDelegate.swift in Sources */ = {isa = PBXBuildFile; fileRef = 37315CD627BC0AEE00A99DA1 /* SceneDelegate.swift */; };
		37315CD927BC0AEE00A99DA1 /* FeedViewController.swift in Sources */ = {isa = PBXBuildFile; fileRef = 37315CD827BC0AEE00A99DA1 /* FeedViewController.swift */; };
		37315CDE27BC0AEF00A99DA1 /* Assets.xcassets in Resources */ = {isa = PBXBuildFile; fileRef = 37315CDD27BC0AEF00A99DA1 /* Assets.xcassets */; };
		37315CE127BC0AEF00A99DA1 /* LaunchScreen.storyboard in Resources */ = {isa = PBXBuildFile; fileRef = 37315CDF27BC0AEF00A99DA1 /* LaunchScreen.storyboard */; };
		37315CEA27BC0B0E00A99DA1 /* SnapKit in Frameworks */ = {isa = PBXBuildFile; productRef = 37315CE927BC0B0E00A99DA1 /* SnapKit */; };
		37315CEC27BC109D00A99DA1 /* TabBarController.swift in Sources */ = {isa = PBXBuildFile; fileRef = 37315CEB27BC109D00A99DA1 /* TabBarController.swift */; };
		37315CEF27BD488500A99DA1 /* FeedTableViewCell.swift in Sources */ = {isa = PBXBuildFile; fileRef = 37315CEE27BD488500A99DA1 /* FeedTableViewCell.swift */; };
		37315CF127BD547E00A99DA1 /* UIButton+.swift in Sources */ = {isa = PBXBuildFile; fileRef = 37315CF027BD547E00A99DA1 /* UIButton+.swift */; };
		37315CF427BD569400A99DA1 /* ProfileViewController.swift in Sources */ = {isa = PBXBuildFile; fileRef = 37315CF327BD569400A99DA1 /* ProfileViewController.swift */; };
		37315CF727BD5CFB00A99DA1 /* ProfileDataView.swift in Sources */ = {isa = PBXBuildFile; fileRef = 37315CF627BD5CFB00A99DA1 /* ProfileDataView.swift */; };
		37315CF927BD62A300A99DA1 /* ProfileCollectionViewCell.swift in Sources */ = {isa = PBXBuildFile; fileRef = 37315CF827BD62A300A99DA1 /* ProfileCollectionViewCell.swift */; };
		37315CFB27C14C9900A99DA1 /* UploadViewController.swift in Sources */ = {isa = PBXBuildFile; fileRef = 37315CFA27C14C9900A99DA1 /* UploadViewController.swift */; };
/* End PBXBuildFile section */

/* Begin PBXFileReference section */
		37315CD127BC0AEE00A99DA1 /* Outstagram.app */ = {isa = PBXFileReference; explicitFileType = wrapper.application; includeInIndex = 0; path = Outstagram.app; sourceTree = BUILT_PRODUCTS_DIR; };
		37315CD427BC0AEE00A99DA1 /* AppDelegate.swift */ = {isa = PBXFileReference; lastKnownFileType = sourcecode.swift; path = AppDelegate.swift; sourceTree = "<group>"; };
		37315CD627BC0AEE00A99DA1 /* SceneDelegate.swift */ = {isa = PBXFileReference; lastKnownFileType = sourcecode.swift; path = SceneDelegate.swift; sourceTree = "<group>"; };
		37315CD827BC0AEE00A99DA1 /* FeedViewController.swift */ = {isa = PBXFileReference; lastKnownFileType = sourcecode.swift; path = FeedViewController.swift; sourceTree = "<group>"; };
		37315CDD27BC0AEF00A99DA1 /* Assets.xcassets */ = {isa = PBXFileReference; lastKnownFileType = folder.assetcatalog; path = Assets.xcassets; sourceTree = "<group>"; };
		37315CE027BC0AEF00A99DA1 /* Base */ = {isa = PBXFileReference; lastKnownFileType = file.storyboard; name = Base; path = Base.lproj/LaunchScreen.storyboard; sourceTree = "<group>"; };
		37315CE227BC0AEF00A99DA1 /* Info.plist */ = {isa = PBXFileReference; lastKnownFileType = text.plist.xml; path = Info.plist; sourceTree = "<group>"; };
		37315CEB27BC109D00A99DA1 /* TabBarController.swift */ = {isa = PBXFileReference; lastKnownFileType = sourcecode.swift; path = TabBarController.swift; sourceTree = "<group>"; };
		37315CEE27BD488500A99DA1 /* FeedTableViewCell.swift */ = {isa = PBXFileReference; lastKnownFileType = sourcecode.swift; path = FeedTableViewCell.swift; sourceTree = "<group>"; };
		37315CF027BD547E00A99DA1 /* UIButton+.swift */ = {isa = PBXFileReference; lastKnownFileType = sourcecode.swift; path = "UIButton+.swift"; sourceTree = "<group>"; };
		37315CF327BD569400A99DA1 /* ProfileViewController.swift */ = {isa = PBXFileReference; lastKnownFileType = sourcecode.swift; path = ProfileViewController.swift; sourceTree = "<group>"; };
		37315CF627BD5CFB00A99DA1 /* ProfileDataView.swift */ = {isa = PBXFileReference; lastKnownFileType = sourcecode.swift; path = ProfileDataView.swift; sourceTree = "<group>"; };
		37315CF827BD62A300A99DA1 /* ProfileCollectionViewCell.swift */ = {isa = PBXFileReference; lastKnownFileType = sourcecode.swift; path = ProfileCollectionViewCell.swift; sourceTree = "<group>"; };
		37315CFA27C14C9900A99DA1 /* UploadViewController.swift */ = {isa = PBXFileReference; lastKnownFileType = sourcecode.swift; path = UploadViewController.swift; sourceTree = "<group>"; };
/* End PBXFileReference section */

/* Begin PBXFrameworksBuildPhase section */
		37315CCE27BC0AEE00A99DA1 /* Frameworks */ = {
			isa = PBXFrameworksBuildPhase;
			buildActionMask = 2147483647;
			files = (
				37315CEA27BC0B0E00A99DA1 /* SnapKit in Frameworks */,
			);
			runOnlyForDeploymentPostprocessing = 0;
		};
/* End PBXFrameworksBuildPhase section */

/* Begin PBXGroup section */
		37315CC827BC0AEE00A99DA1 = {
			isa = PBXGroup;
			children = (
				37315CD327BC0AEE00A99DA1 /* Outstagram */,
				37315CD227BC0AEE00A99DA1 /* Products */,
			);
			sourceTree = "<group>";
		};
		37315CD227BC0AEE00A99DA1 /* Products */ = {
			isa = PBXGroup;
			children = (
				37315CD127BC0AEE00A99DA1 /* Outstagram.app */,
			);
			name = Products;
			sourceTree = "<group>";
		};
		37315CD327BC0AEE00A99DA1 /* Outstagram */ = {
			isa = PBXGroup;
			children = (
				37315CD427BC0AEE00A99DA1 /* AppDelegate.swift */,
				37315CD627BC0AEE00A99DA1 /* SceneDelegate.swift */,
				37315CF027BD547E00A99DA1 /* UIButton+.swift */,
				37315CED27BC10A100A99DA1 /* Scenes */,
				37315CDF27BC0AEF00A99DA1 /* LaunchScreen.storyboard */,
				37315CE227BC0AEF00A99DA1 /* Info.plist */,
				37315CDD27BC0AEF00A99DA1 /* Assets.xcassets */,
			);
			path = Outstagram;
			sourceTree = "<group>";
		};
		37315CED27BC10A100A99DA1 /* Scenes */ = {
			isa = PBXGroup;
			children = (
				37315CEB27BC109D00A99DA1 /* TabBarController.swift */,
				37315CF227BD568A00A99DA1 /* Feed */,
				37315CF527BD56A800A99DA1 /* Profile */,
			);
			path = Scenes;
			sourceTree = "<group>";
		};
		37315CF227BD568A00A99DA1 /* Feed */ = {
			isa = PBXGroup;
			children = (
				37315CD827BC0AEE00A99DA1 /* FeedViewController.swift */,
				37315CEE27BD488500A99DA1 /* FeedTableViewCell.swift */,
				37315CFA27C14C9900A99DA1 /* UploadViewController.swift */,
			);
			path = Feed;
			sourceTree = "<group>";
		};
		37315CF527BD56A800A99DA1 /* Profile */ = {
			isa = PBXGroup;
			children = (
				37315CF327BD569400A99DA1 /* ProfileViewController.swift */,
				37315CF627BD5CFB00A99DA1 /* ProfileDataView.swift */,
				37315CF827BD62A300A99DA1 /* ProfileCollectionViewCell.swift */,
			);
			path = Profile;
			sourceTree = "<group>";
		};
/* End PBXGroup section */

/* Begin PBXNativeTarget section */
		37315CD027BC0AEE00A99DA1 /* Outstagram */ = {
			isa = PBXNativeTarget;
			buildConfigurationList = 37315CE527BC0AEF00A99DA1 /* Build configuration list for PBXNativeTarget "Outstagram" */;
			buildPhases = (
				37315CCD27BC0AEE00A99DA1 /* Sources */,
				37315CCE27BC0AEE00A99DA1 /* Frameworks */,
				37315CCF27BC0AEE00A99DA1 /* Resources */,
			);
			buildRules = (
			);
			dependencies = (
			);
			name = Outstagram;
			packageProductDependencies = (
				37315CE927BC0B0E00A99DA1 /* SnapKit */,
			);
			productName = Outstagram;
			productReference = 37315CD127BC0AEE00A99DA1 /* Outstagram.app */;
			productType = "com.apple.product-type.application";
		};
/* End PBXNativeTarget section */

/* Begin PBXProject section */
		37315CC927BC0AEE00A99DA1 /* Project object */ = {
			isa = PBXProject;
			attributes = {
				BuildIndependentTargetsInParallel = 1;
				LastSwiftUpdateCheck = 1320;
				LastUpgradeCheck = 1320;
				TargetAttributes = {
					37315CD027BC0AEE00A99DA1 = {
						CreatedOnToolsVersion = 13.2.1;
					};
				};
			};
			buildConfigurationList = 37315CCC27BC0AEE00A99DA1 /* Build configuration list for PBXProject "Outstagram" */;
			compatibilityVersion = "Xcode 13.0";
			developmentRegion = en;
			hasScannedForEncodings = 0;
			knownRegions = (
				en,
				Base,
			);
			mainGroup = 37315CC827BC0AEE00A99DA1;
			packageReferences = (
				37315CE827BC0B0E00A99DA1 /* XCRemoteSwiftPackageReference "SnapKit" */,
			);
			productRefGroup = 37315CD227BC0AEE00A99DA1 /* Products */;
			projectDirPath = "";
			projectRoot = "";
			targets = (
				37315CD027BC0AEE00A99DA1 /* Outstagram */,
			);
		};
/* End PBXProject section */

/* Begin PBXResourcesBuildPhase section */
		37315CCF27BC0AEE00A99DA1 /* Resources */ = {
			isa = PBXResourcesBuildPhase;
			buildActionMask = 2147483647;
			files = (
				37315CE127BC0AEF00A99DA1 /* LaunchScreen.storyboard in Resources */,
				37315CDE27BC0AEF00A99DA1 /* Assets.xcassets in Resources */,
			);
			runOnlyForDeploymentPostprocessing = 0;
		};
/* End PBXResourcesBuildPhase section */

/* Begin PBXSourcesBuildPhase section */
		37315CCD27BC0AEE00A99DA1 /* Sources */ = {
			isa = PBXSourcesBuildPhase;
			buildActionMask = 2147483647;
			files = (
				37315CD927BC0AEE00A99DA1 /* FeedViewController.swift in Sources */,
				37315CFB27C14C9900A99DA1 /* UploadViewController.swift in Sources */,
				37315CF927BD62A300A99DA1 /* ProfileCollectionViewCell.swift in Sources */,
				37315CF127BD547E00A99DA1 /* UIButton+.swift in Sources */,
				37315CF427BD569400A99DA1 /* ProfileViewController.swift in Sources */,
				37315CEC27BC109D00A99DA1 /* TabBarController.swift in Sources */,
				37315CD527BC0AEE00A99DA1 /* AppDelegate.swift in Sources */,
				37315CD727BC0AEE00A99DA1 /* SceneDelegate.swift in Sources */,
				37315CF727BD5CFB00A99DA1 /* ProfileDataView.swift in Sources */,
				37315CEF27BD488500A99DA1 /* FeedTableViewCell.swift in Sources */,
			);
			runOnlyForDeploymentPostprocessing = 0;
		};
/* End PBXSourcesBuildPhase section */

/* Begin PBXVariantGroup section */
		37315CDF27BC0AEF00A99DA1 /* LaunchScreen.storyboard */ = {
			isa = PBXVariantGroup;
			children = (
				37315CE027BC0AEF00A99DA1 /* Base */,
			);
			name = LaunchScreen.storyboard;
			sourceTree = "<group>";
		};
/* End PBXVariantGroup section */

/* Begin XCBuildConfiguration section */
		37315CE327BC0AEF00A99DA1 /* Debug */ = {
			isa = XCBuildConfiguration;
			buildSettings = {
				ALWAYS_SEARCH_USER_PATHS = NO;
				CLANG_ANALYZER_NONNULL = YES;
				CLANG_ANALYZER_NUMBER_OBJECT_CONVERSION = YES_AGGRESSIVE;
				CLANG_CXX_LANGUAGE_STANDARD = "gnu++17";
				CLANG_CXX_LIBRARY = "libc++";
				CLANG_ENABLE_MODULES = YES;
				CLANG_ENABLE_OBJC_ARC = YES;
				CLANG_ENABLE_OBJC_WEAK = YES;
				CLANG_WARN_BLOCK_CAPTURE_AUTORELEASING = YES;
				CLANG_WARN_BOOL_CONVERSION = YES;
				CLANG_WARN_COMMA = YES;
				CLANG_WARN_CONSTANT_CONVERSION = YES;
				CLANG_WARN_DEPRECATED_OBJC_IMPLEMENTATIONS = YES;
				CLANG_WARN_DIRECT_OBJC_ISA_USAGE = YES_ERROR;
				CLANG_WARN_DOCUMENTATION_COMMENTS = YES;
				CLANG_WARN_EMPTY_BODY = YES;
				CLANG_WARN_ENUM_CONVERSION = YES;
				CLANG_WARN_INFINITE_RECURSION = YES;
				CLANG_WARN_INT_CONVERSION = YES;
				CLANG_WARN_NON_LITERAL_NULL_CONVERSION = YES;
				CLANG_WARN_OBJC_IMPLICIT_RETAIN_SELF = YES;
				CLANG_WARN_OBJC_LITERAL_CONVERSION = YES;
				CLANG_WARN_OBJC_ROOT_CLASS = YES_ERROR;
				CLANG_WARN_QUOTED_INCLUDE_IN_FRAMEWORK_HEADER = YES;
				CLANG_WARN_RANGE_LOOP_ANALYSIS = YES;
				CLANG_WARN_STRICT_PROTOTYPES = YES;
				CLANG_WARN_SUSPICIOUS_MOVE = YES;
				CLANG_WARN_UNGUARDED_AVAILABILITY = YES_AGGRESSIVE;
				CLANG_WARN_UNREACHABLE_CODE = YES;
				CLANG_WARN__DUPLICATE_METHOD_MATCH = YES;
				COPY_PHASE_STRIP = NO;
				DEBUG_INFORMATION_FORMAT = dwarf;
				ENABLE_STRICT_OBJC_MSGSEND = YES;
				ENABLE_TESTABILITY = YES;
				GCC_C_LANGUAGE_STANDARD = gnu11;
				GCC_DYNAMIC_NO_PIC = NO;
				GCC_NO_COMMON_BLOCKS = YES;
				GCC_OPTIMIZATION_LEVEL = 0;
				GCC_PREPROCESSOR_DEFINITIONS = (
					"DEBUG=1",
					"$(inherited)",
				);
				GCC_WARN_64_TO_32_BIT_CONVERSION = YES;
				GCC_WARN_ABOUT_RETURN_TYPE = YES_ERROR;
				GCC_WARN_UNDECLARED_SELECTOR = YES;
				GCC_WARN_UNINITIALIZED_AUTOS = YES_AGGRESSIVE;
				GCC_WARN_UNUSED_FUNCTION = YES;
				GCC_WARN_UNUSED_VARIABLE = YES;
				IPHONEOS_DEPLOYMENT_TARGET = 15.2;
				MTL_ENABLE_DEBUG_INFO = INCLUDE_SOURCE;
				MTL_FAST_MATH = YES;
				ONLY_ACTIVE_ARCH = YES;
				SDKROOT = iphoneos;
				SWIFT_ACTIVE_COMPILATION_CONDITIONS = DEBUG;
				SWIFT_OPTIMIZATION_LEVEL = "-Onone";
			};
			name = Debug;
		};
		37315CE427BC0AEF00A99DA1 /* Release */ = {
			isa = XCBuildConfiguration;
			buildSettings = {
				ALWAYS_SEARCH_USER_PATHS = NO;
				CLANG_ANALYZER_NONNULL = YES;
				CLANG_ANALYZER_NUMBER_OBJECT_CONVERSION = YES_AGGRESSIVE;
				CLANG_CXX_LANGUAGE_STANDARD = "gnu++17";
				CLANG_CXX_LIBRARY = "libc++";
				CLANG_ENABLE_MODULES = YES;
				CLANG_ENABLE_OBJC_ARC = YES;
				CLANG_ENABLE_OBJC_WEAK = YES;
				CLANG_WARN_BLOCK_CAPTURE_AUTORELEASING = YES;
				CLANG_WARN_BOOL_CONVERSION = YES;
				CLANG_WARN_COMMA = YES;
				CLANG_WARN_CONSTANT_CONVERSION = YES;
				CLANG_WARN_DEPRECATED_OBJC_IMPLEMENTATIONS = YES;
				CLANG_WARN_DIRECT_OBJC_ISA_USAGE = YES_ERROR;
				CLANG_WARN_DOCUMENTATION_COMMENTS = YES;
				CLANG_WARN_EMPTY_BODY = YES;
				CLANG_WARN_ENUM_CONVERSION = YES;
				CLANG_WARN_INFINITE_RECURSION = YES;
				CLANG_WARN_INT_CONVERSION = YES;
				CLANG_WARN_NON_LITERAL_NULL_CONVERSION = YES;
				CLANG_WARN_OBJC_IMPLICIT_RETAIN_SELF = YES;
				CLANG_WARN_OBJC_LITERAL_CONVERSION = YES;
				CLANG_WARN_OBJC_ROOT_CLASS = YES_ERROR;
				CLANG_WARN_QUOTED_INCLUDE_IN_FRAMEWORK_HEADER = YES;
				CLANG_WARN_RANGE_LOOP_ANALYSIS = YES;
				CLANG_WARN_STRICT_PROTOTYPES = YES;
				CLANG_WARN_SUSPICIOUS_MOVE = YES;
				CLANG_WARN_UNGUARDED_AVAILABILITY = YES_AGGRESSIVE;
				CLANG_WARN_UNREACHABLE_CODE = YES;
				CLANG_WARN__DUPLICATE_METHOD_MATCH = YES;
				COPY_PHASE_STRIP = NO;
				DEBUG_INFORMATION_FORMAT = "dwarf-with-dsym";
				ENABLE_NS_ASSERTIONS = NO;
				ENABLE_STRICT_OBJC_MSGSEND = YES;
				GCC_C_LANGUAGE_STANDARD = gnu11;
				GCC_NO_COMMON_BLOCKS = YES;
				GCC_WARN_64_TO_32_BIT_CONVERSION = YES;
				GCC_WARN_ABOUT_RETURN_TYPE = YES_ERROR;
				GCC_WARN_UNDECLARED_SELECTOR = YES;
				GCC_WARN_UNINITIALIZED_AUTOS = YES_AGGRESSIVE;
				GCC_WARN_UNUSED_FUNCTION = YES;
				GCC_WARN_UNUSED_VARIABLE = YES;
				IPHONEOS_DEPLOYMENT_TARGET = 15.2;
				MTL_ENABLE_DEBUG_INFO = NO;
				MTL_FAST_MATH = YES;
				SDKROOT = iphoneos;
				SWIFT_COMPILATION_MODE = wholemodule;
				SWIFT_OPTIMIZATION_LEVEL = "-O";
				VALIDATE_PRODUCT = YES;
			};
			name = Release;
		};
		37315CE627BC0AEF00A99DA1 /* Debug */ = {
			isa = XCBuildConfiguration;
			buildSettings = {
				ASSETCATALOG_COMPILER_APPICON_NAME = AppIcon;
				ASSETCATALOG_COMPILER_GLOBAL_ACCENT_COLOR_NAME = AccentColor;
				CODE_SIGN_STYLE = Automatic;
				CURRENT_PROJECT_VERSION = 1;
				DEVELOPMENT_TEAM = 2TL3P2KALW;
				GENERATE_INFOPLIST_FILE = YES;
				INFOPLIST_FILE = Outstagram/Info.plist;
				INFOPLIST_KEY_NSPhotoLibraryUsageDescription = "사진 추가를 위해서는 권한이 필요합니다.";
				INFOPLIST_KEY_UIApplicationSupportsIndirectInputEvents = YES;
				INFOPLIST_KEY_UILaunchStoryboardName = LaunchScreen;
				INFOPLIST_KEY_UISupportedInterfaceOrientations_iPad = "UIInterfaceOrientationPortrait UIInterfaceOrientationPortraitUpsideDown UIInterfaceOrientationLandscapeLeft UIInterfaceOrientationLandscapeRight";
				INFOPLIST_KEY_UISupportedInterfaceOrientations_iPhone = "UIInterfaceOrientationPortrait UIInterfaceOrientationLandscapeLeft UIInterfaceOrientationLandscapeRight";
				LD_RUNPATH_SEARCH_PATHS = (
					"$(inherited)",
					"@executable_path/Frameworks",
				);
				MARKETING_VERSION = 1.0;
				PRODUCT_BUNDLE_IDENTIFIER = com.tistory.sronsemiro.Outstagram;
				PRODUCT_NAME = "$(TARGET_NAME)";
				SWIFT_EMIT_LOC_STRINGS = YES;
				SWIFT_VERSION = 5.0;
				TARGETED_DEVICE_FAMILY = "1,2";
			};
			name = Debug;
		};
		37315CE727BC0AEF00A99DA1 /* Release */ = {
			isa = XCBuildConfiguration;
			buildSettings = {
				ASSETCATALOG_COMPILER_APPICON_NAME = AppIcon;
				ASSETCATALOG_COMPILER_GLOBAL_ACCENT_COLOR_NAME = AccentColor;
				CODE_SIGN_STYLE = Automatic;
				CURRENT_PROJECT_VERSION = 1;
				DEVELOPMENT_TEAM = 2TL3P2KALW;
				GENERATE_INFOPLIST_FILE = YES;
				INFOPLIST_FILE = Outstagram/Info.plist;
				INFOPLIST_KEY_NSPhotoLibraryUsageDescription = "사진 추가를 위해서는 권한이 필요합니다.";
				INFOPLIST_KEY_UIApplicationSupportsIndirectInputEvents = YES;
				INFOPLIST_KEY_UILaunchStoryboardName = LaunchScreen;
				INFOPLIST_KEY_UISupportedInterfaceOrientations_iPad = "UIInterfaceOrientationPortrait UIInterfaceOrientationPortraitUpsideDown UIInterfaceOrientationLandscapeLeft UIInterfaceOrientationLandscapeRight";
				INFOPLIST_KEY_UISupportedInterfaceOrientations_iPhone = "UIInterfaceOrientationPortrait UIInterfaceOrientationLandscapeLeft UIInterfaceOrientationLandscapeRight";
				LD_RUNPATH_SEARCH_PATHS = (
					"$(inherited)",
					"@executable_path/Frameworks",
				);
				MARKETING_VERSION = 1.0;
				PRODUCT_BUNDLE_IDENTIFIER = com.tistory.sronsemiro.Outstagram;
				PRODUCT_NAME = "$(TARGET_NAME)";
				SWIFT_EMIT_LOC_STRINGS = YES;
				SWIFT_VERSION = 5.0;
				TARGETED_DEVICE_FAMILY = "1,2";
			};
			name = Release;
		};
/* End XCBuildConfiguration section */

/* Begin XCConfigurationList section */
		37315CCC27BC0AEE00A99DA1 /* Build configuration list for PBXProject "Outstagram" */ = {
			isa = XCConfigurationList;
			buildConfigurations = (
				37315CE327BC0AEF00A99DA1 /* Debug */,
				37315CE427BC0AEF00A99DA1 /* Release */,
			);
			defaultConfigurationIsVisible = 0;
			defaultConfigurationName = Release;
		};
		37315CE527BC0AEF00A99DA1 /* Build configuration list for PBXNativeTarget "Outstagram" */ = {
			isa = XCConfigurationList;
			buildConfigurations = (
				37315CE627BC0AEF00A99DA1 /* Debug */,
				37315CE727BC0AEF00A99DA1 /* Release */,
			);
			defaultConfigurationIsVisible = 0;
			defaultConfigurationName = Release;
		};
/* End XCConfigurationList section */

/* Begin XCRemoteSwiftPackageReference section */
		37315CE827BC0B0E00A99DA1 /* XCRemoteSwiftPackageReference "SnapKit" */ = {
			isa = XCRemoteSwiftPackageReference;
			repositoryURL = "https://github.com/SnapKit/SnapKit.git";
			requirement = {
				kind = upToNextMajorVersion;
				minimumVersion = 5.0.0;
			};
		};
/* End XCRemoteSwiftPackageReference section */

/* Begin XCSwiftPackageProductDependency section */
		37315CE927BC0B0E00A99DA1 /* SnapKit */ = {
			isa = XCSwiftPackageProductDependency;
			package = 37315CE827BC0B0E00A99DA1 /* XCRemoteSwiftPackageReference "SnapKit" */;
			productName = SnapKit;
		};
/* End XCSwiftPackageProductDependency section */
	};
	rootObject = 37315CC927BC0AEE00A99DA1 /* Project object */;
}
