// !$*UTF8*$!
{
	archiveVersion = 1;
	classes = {
	};
	objectVersion = 55;
	objects = {

/* Begin PBXBuildFile section */
		372F9E8C279C30AE00E74A15 /* AppDelegate.swift in Sources */ = {isa = PBXBuildFile; fileRef = 372F9E8B279C30AE00E74A15 /* AppDelegate.swift */; };
		372F9E8E279C30AE00E74A15 /* SceneDelegate.swift in Sources */ = {isa = PBXBuildFile; fileRef = 372F9E8D279C30AE00E74A15 /* SceneDelegate.swift */; };
		372F9E95279C30B000E74A15 /* Assets.xcassets in Resources */ = {isa = PBXBuildFile; fileRef = 372F9E94279C30B000E74A15 /* Assets.xcassets */; };
		372F9E98279C30B000E74A15 /* LaunchScreen.storyboard in Resources */ = {isa = PBXBuildFile; fileRef = 372F9E96279C30B000E74A15 /* LaunchScreen.storyboard */; };
		372F9EA0279C311000E74A15 /* HomeViewController.swift in Sources */ = {isa = PBXBuildFile; fileRef = 372F9E9F279C311000E74A15 /* HomeViewController.swift */; };
		372F9EA3279C324B00E74A15 /* SnapKit in Frameworks */ = {isa = PBXBuildFile; productRef = 372F9EA2279C324B00E74A15 /* SnapKit */; };
		372F9EA5279C372E00E74A15 /* Content.plist in Resources */ = {isa = PBXBuildFile; fileRef = 372F9EA4279C372E00E74A15 /* Content.plist */; };
		372F9EA7279C375200E74A15 /* Content.swift in Sources */ = {isa = PBXBuildFile; fileRef = 372F9EA6279C375200E74A15 /* Content.swift */; };
		372F9EA9279C44DF00E74A15 /* ContentCollectionViewCell.swift in Sources */ = {isa = PBXBuildFile; fileRef = 372F9EA8279C44DF00E74A15 /* ContentCollectionViewCell.swift */; };
		372F9EAB279C470A00E74A15 /* ContentCollectionVIewHeader.swift in Sources */ = {isa = PBXBuildFile; fileRef = 372F9EAA279C470A00E74A15 /* ContentCollectionVIewHeader.swift */; };
		372F9EAF279C685100E74A15 /* ContentCollectionViewRankCell.swift in Sources */ = {isa = PBXBuildFile; fileRef = 372F9EAE279C685100E74A15 /* ContentCollectionViewRankCell.swift */; };
		372F9EB1279C6B1D00E74A15 /* ContentCollectionViewMainCell.swift in Sources */ = {isa = PBXBuildFile; fileRef = 372F9EB0279C6B1D00E74A15 /* ContentCollectionViewMainCell.swift */; };
		372F9EB3279C6FDB00E74A15 /* UIButton.swift in Sources */ = {isa = PBXBuildFile; fileRef = 372F9EB2279C6FDB00E74A15 /* UIButton.swift */; };
		37D90E9027A2995D0073391F /* ContentView.swift in Sources */ = {isa = PBXBuildFile; fileRef = 37D90E8F27A2995D0073391F /* ContentView.swift */; };
		37D90E9227A2D6F10073391F /* ContentDetailView.swift in Sources */ = {isa = PBXBuildFile; fileRef = 37D90E9127A2D6F10073391F /* ContentDetailView.swift */; };
/* End PBXBuildFile section */

/* Begin PBXFileReference section */
		372F9E88279C30AE00E74A15 /* NetflixStyleSampleApp.app */ = {isa = PBXFileReference; explicitFileType = wrapper.application; includeInIndex = 0; path = NetflixStyleSampleApp.app; sourceTree = BUILT_PRODUCTS_DIR; };
		372F9E8B279C30AE00E74A15 /* AppDelegate.swift */ = {isa = PBXFileReference; lastKnownFileType = sourcecode.swift; path = AppDelegate.swift; sourceTree = "<group>"; };
		372F9E8D279C30AE00E74A15 /* SceneDelegate.swift */ = {isa = PBXFileReference; lastKnownFileType = sourcecode.swift; path = SceneDelegate.swift; sourceTree = "<group>"; };
		372F9E94279C30B000E74A15 /* Assets.xcassets */ = {isa = PBXFileReference; lastKnownFileType = folder.assetcatalog; path = Assets.xcassets; sourceTree = "<group>"; };
		372F9E97279C30B000E74A15 /* Base */ = {isa = PBXFileReference; lastKnownFileType = file.storyboard; name = Base; path = Base.lproj/LaunchScreen.storyboard; sourceTree = "<group>"; };
		372F9E99279C30B000E74A15 /* Info.plist */ = {isa = PBXFileReference; lastKnownFileType = text.plist.xml; path = Info.plist; sourceTree = "<group>"; };
		372F9E9F279C311000E74A15 /* HomeViewController.swift */ = {isa = PBXFileReference; lastKnownFileType = sourcecode.swift; path = HomeViewController.swift; sourceTree = "<group>"; };
		372F9EA4279C372E00E74A15 /* Content.plist */ = {isa = PBXFileReference; fileEncoding = 4; lastKnownFileType = text.plist.xml; path = Content.plist; sourceTree = "<group>"; };
		372F9EA6279C375200E74A15 /* Content.swift */ = {isa = PBXFileReference; lastKnownFileType = sourcecode.swift; path = Content.swift; sourceTree = "<group>"; };
		372F9EA8279C44DF00E74A15 /* ContentCollectionViewCell.swift */ = {isa = PBXFileReference; lastKnownFileType = sourcecode.swift; path = ContentCollectionViewCell.swift; sourceTree = "<group>"; };
		372F9EAA279C470A00E74A15 /* ContentCollectionVIewHeader.swift */ = {isa = PBXFileReference; lastKnownFileType = sourcecode.swift; path = ContentCollectionVIewHeader.swift; sourceTree = "<group>"; };
		372F9EAE279C685100E74A15 /* ContentCollectionViewRankCell.swift */ = {isa = PBXFileReference; lastKnownFileType = sourcecode.swift; path = ContentCollectionViewRankCell.swift; sourceTree = "<group>"; };
		372F9EB0279C6B1D00E74A15 /* ContentCollectionViewMainCell.swift */ = {isa = PBXFileReference; lastKnownFileType = sourcecode.swift; path = ContentCollectionViewMainCell.swift; sourceTree = "<group>"; };
		372F9EB2279C6FDB00E74A15 /* UIButton.swift */ = {isa = PBXFileReference; lastKnownFileType = sourcecode.swift; path = UIButton.swift; sourceTree = "<group>"; };
		37D90E8F27A2995D0073391F /* ContentView.swift */ = {isa = PBXFileReference; lastKnownFileType = sourcecode.swift; path = ContentView.swift; sourceTree = "<group>"; };
		37D90E9127A2D6F10073391F /* ContentDetailView.swift */ = {isa = PBXFileReference; lastKnownFileType = sourcecode.swift; path = ContentDetailView.swift; sourceTree = "<group>"; };
/* End PBXFileReference section */

/* Begin PBXFrameworksBuildPhase section */
		372F9E85279C30AE00E74A15 /* Frameworks */ = {
			isa = PBXFrameworksBuildPhase;
			buildActionMask = 2147483647;
			files = (
				372F9EA3279C324B00E74A15 /* SnapKit in Frameworks */,
			);
			runOnlyForDeploymentPostprocessing = 0;
		};
/* End PBXFrameworksBuildPhase section */

/* Begin PBXGroup section */
		372F9E7F279C30AE00E74A15 = {
			isa = PBXGroup;
			children = (
				372F9E8A279C30AE00E74A15 /* NetflixStyleSampleApp */,
				372F9E89279C30AE00E74A15 /* Products */,
			);
			sourceTree = "<group>";
		};
		372F9E89279C30AE00E74A15 /* Products */ = {
			isa = PBXGroup;
			children = (
				372F9E88279C30AE00E74A15 /* NetflixStyleSampleApp.app */,
			);
			name = Products;
			sourceTree = "<group>";
		};
		372F9E8A279C30AE00E74A15 /* NetflixStyleSampleApp */ = {
			isa = PBXGroup;
			children = (
				372F9E8B279C30AE00E74A15 /* AppDelegate.swift */,
				372F9E8D279C30AE00E74A15 /* SceneDelegate.swift */,
				37D90E8F27A2995D0073391F /* ContentView.swift */,
				37D90E9127A2D6F10073391F /* ContentDetailView.swift */,
				372F9E9F279C311000E74A15 /* HomeViewController.swift */,
				372F9EB0279C6B1D00E74A15 /* ContentCollectionViewMainCell.swift */,
				372F9EB2279C6FDB00E74A15 /* UIButton.swift */,
				372F9EAA279C470A00E74A15 /* ContentCollectionVIewHeader.swift */,
				372F9EAE279C685100E74A15 /* ContentCollectionViewRankCell.swift */,
				372F9EA8279C44DF00E74A15 /* ContentCollectionViewCell.swift */,
				372F9E94279C30B000E74A15 /* Assets.xcassets */,
				372F9E96279C30B000E74A15 /* LaunchScreen.storyboard */,
				372F9EA6279C375200E74A15 /* Content.swift */,
				372F9EA4279C372E00E74A15 /* Content.plist */,
				372F9E99279C30B000E74A15 /* Info.plist */,
			);
			path = NetflixStyleSampleApp;
			sourceTree = "<group>";
		};
/* End PBXGroup section */

/* Begin PBXNativeTarget section */
		372F9E87279C30AE00E74A15 /* NetflixStyleSampleApp */ = {
			isa = PBXNativeTarget;
			buildConfigurationList = 372F9E9C279C30B000E74A15 /* Build configuration list for PBXNativeTarget "NetflixStyleSampleApp" */;
			buildPhases = (
				372F9E84279C30AE00E74A15 /* Sources */,
				372F9E85279C30AE00E74A15 /* Frameworks */,
				372F9E86279C30AE00E74A15 /* Resources */,
			);
			buildRules = (
			);
			dependencies = (
			);
			name = NetflixStyleSampleApp;
			packageProductDependencies = (
				372F9EA2279C324B00E74A15 /* SnapKit */,
			);
			productName = NetflixStyleSampleApp;
			productReference = 372F9E88279C30AE00E74A15 /* NetflixStyleSampleApp.app */;
			productType = "com.apple.product-type.application";
		};
/* End PBXNativeTarget section */

/* Begin PBXProject section */
		372F9E80279C30AE00E74A15 /* Project object */ = {
			isa = PBXProject;
			attributes = {
				BuildIndependentTargetsInParallel = 1;
				LastSwiftUpdateCheck = 1320;
				LastUpgradeCheck = 1320;
				TargetAttributes = {
					372F9E87279C30AE00E74A15 = {
						CreatedOnToolsVersion = 13.2.1;
					};
				};
			};
			buildConfigurationList = 372F9E83279C30AE00E74A15 /* Build configuration list for PBXProject "NetflixStyleSampleApp" */;
			compatibilityVersion = "Xcode 13.0";
			developmentRegion = en;
			hasScannedForEncodings = 0;
			knownRegions = (
				en,
				Base,
			);
			mainGroup = 372F9E7F279C30AE00E74A15;
			packageReferences = (
				372F9EA1279C324B00E74A15 /* XCRemoteSwiftPackageReference "SnapKit" */,
			);
			productRefGroup = 372F9E89279C30AE00E74A15 /* Products */;
			projectDirPath = "";
			projectRoot = "";
			targets = (
				372F9E87279C30AE00E74A15 /* NetflixStyleSampleApp */,
			);
		};
/* End PBXProject section */

/* Begin PBXResourcesBuildPhase section */
		372F9E86279C30AE00E74A15 /* Resources */ = {
			isa = PBXResourcesBuildPhase;
			buildActionMask = 2147483647;
			files = (
				372F9E98279C30B000E74A15 /* LaunchScreen.storyboard in Resources */,
				372F9E95279C30B000E74A15 /* Assets.xcassets in Resources */,
				372F9EA5279C372E00E74A15 /* Content.plist in Resources */,
			);
			runOnlyForDeploymentPostprocessing = 0;
		};
/* End PBXResourcesBuildPhase section */

/* Begin PBXSourcesBuildPhase section */
		372F9E84279C30AE00E74A15 /* Sources */ = {
			isa = PBXSourcesBuildPhase;
			buildActionMask = 2147483647;
			files = (
				372F9E8C279C30AE00E74A15 /* AppDelegate.swift in Sources */,
				37D90E9227A2D6F10073391F /* ContentDetailView.swift in Sources */,
				372F9E8E279C30AE00E74A15 /* SceneDelegate.swift in Sources */,
				372F9EA0279C311000E74A15 /* HomeViewController.swift in Sources */,
				372F9EAF279C685100E74A15 /* ContentCollectionViewRankCell.swift in Sources */,
				372F9EAB279C470A00E74A15 /* ContentCollectionVIewHeader.swift in Sources */,
				372F9EB1279C6B1D00E74A15 /* ContentCollectionViewMainCell.swift in Sources */,
				37D90E9027A2995D0073391F /* ContentView.swift in Sources */,
				372F9EA7279C375200E74A15 /* Content.swift in Sources */,
				372F9EA9279C44DF00E74A15 /* ContentCollectionViewCell.swift in Sources */,
				372F9EB3279C6FDB00E74A15 /* UIButton.swift in Sources */,
			);
			runOnlyForDeploymentPostprocessing = 0;
		};
/* End PBXSourcesBuildPhase section */

/* Begin PBXVariantGroup section */
		372F9E96279C30B000E74A15 /* LaunchScreen.storyboard */ = {
			isa = PBXVariantGroup;
			children = (
				372F9E97279C30B000E74A15 /* Base */,
			);
			name = LaunchScreen.storyboard;
			sourceTree = "<group>";
		};
/* End PBXVariantGroup section */

/* Begin XCBuildConfiguration section */
		372F9E9A279C30B000E74A15 /* Debug */ = {
			isa = XCBuildConfiguration;
			buildSettings = {
				ALWAYS_SEARCH_USER_PATHS = NO;
				CLANG_ANALYZER_NONNULL = YES;
				CLANG_ANALYZER_NUMBER_OBJECT_CONVERSION = YES_AGGRESSIVE;
				CLANG_CXX_LANGUAGE_STANDARD = "gnu++17";
				CLANG_CXX_LIBRARY = "libc++";
				CLANG_ENABLE_MODULES = YES;
				CLANG_ENABLE_OBJC_ARC = YES;
				CLANG_ENABLE_OBJC_WEAK = YES;
				CLANG_WARN_BLOCK_CAPTURE_AUTORELEASING = YES;
				CLANG_WARN_BOOL_CONVERSION = YES;
				CLANG_WARN_COMMA = YES;
				CLANG_WARN_CONSTANT_CONVERSION = YES;
				CLANG_WARN_DEPRECATED_OBJC_IMPLEMENTATIONS = YES;
				CLANG_WARN_DIRECT_OBJC_ISA_USAGE = YES_ERROR;
				CLANG_WARN_DOCUMENTATION_COMMENTS = YES;
				CLANG_WARN_EMPTY_BODY = YES;
				CLANG_WARN_ENUM_CONVERSION = YES;
				CLANG_WARN_INFINITE_RECURSION = YES;
				CLANG_WARN_INT_CONVERSION = YES;
				CLANG_WARN_NON_LITERAL_NULL_CONVERSION = YES;
				CLANG_WARN_OBJC_IMPLICIT_RETAIN_SELF = YES;
				CLANG_WARN_OBJC_LITERAL_CONVERSION = YES;
				CLANG_WARN_OBJC_ROOT_CLASS = YES_ERROR;
				CLANG_WARN_QUOTED_INCLUDE_IN_FRAMEWORK_HEADER = YES;
				CLANG_WARN_RANGE_LOOP_ANALYSIS = YES;
				CLANG_WARN_STRICT_PROTOTYPES = YES;
				CLANG_WARN_SUSPICIOUS_MOVE = YES;
				CLANG_WARN_UNGUARDED_AVAILABILITY = YES_AGGRESSIVE;
				CLANG_WARN_UNREACHABLE_CODE = YES;
				CLANG_WARN__DUPLICATE_METHOD_MATCH = YES;
				COPY_PHASE_STRIP = NO;
				DEBUG_INFORMATION_FORMAT = dwarf;
				ENABLE_STRICT_OBJC_MSGSEND = YES;
				ENABLE_TESTABILITY = YES;
				GCC_C_LANGUAGE_STANDARD = gnu11;
				GCC_DYNAMIC_NO_PIC = NO;
				GCC_NO_COMMON_BLOCKS = YES;
				GCC_OPTIMIZATION_LEVEL = 0;
				GCC_PREPROCESSOR_DEFINITIONS = (
					"DEBUG=1",
					"$(inherited)",
				);
				GCC_WARN_64_TO_32_BIT_CONVERSION = YES;
				GCC_WARN_ABOUT_RETURN_TYPE = YES_ERROR;
				GCC_WARN_UNDECLARED_SELECTOR = YES;
				GCC_WARN_UNINITIALIZED_AUTOS = YES_AGGRESSIVE;
				GCC_WARN_UNUSED_FUNCTION = YES;
				GCC_WARN_UNUSED_VARIABLE = YES;
				IPHONEOS_DEPLOYMENT_TARGET = 15.2;
				MTL_ENABLE_DEBUG_INFO = INCLUDE_SOURCE;
				MTL_FAST_MATH = YES;
				ONLY_ACTIVE_ARCH = YES;
				SDKROOT = iphoneos;
				SWIFT_ACTIVE_COMPILATION_CONDITIONS = DEBUG;
				SWIFT_OPTIMIZATION_LEVEL = "-Onone";
			};
			name = Debug;
		};
		372F9E9B279C30B000E74A15 /* Release */ = {
			isa = XCBuildConfiguration;
			buildSettings = {
				ALWAYS_SEARCH_USER_PATHS = NO;
				CLANG_ANALYZER_NONNULL = YES;
				CLANG_ANALYZER_NUMBER_OBJECT_CONVERSION = YES_AGGRESSIVE;
				CLANG_CXX_LANGUAGE_STANDARD = "gnu++17";
				CLANG_CXX_LIBRARY = "libc++";
				CLANG_ENABLE_MODULES = YES;
				CLANG_ENABLE_OBJC_ARC = YES;
				CLANG_ENABLE_OBJC_WEAK = YES;
				CLANG_WARN_BLOCK_CAPTURE_AUTORELEASING = YES;
				CLANG_WARN_BOOL_CONVERSION = YES;
				CLANG_WARN_COMMA = YES;
				CLANG_WARN_CONSTANT_CONVERSION = YES;
				CLANG_WARN_DEPRECATED_OBJC_IMPLEMENTATIONS = YES;
				CLANG_WARN_DIRECT_OBJC_ISA_USAGE = YES_ERROR;
				CLANG_WARN_DOCUMENTATION_COMMENTS = YES;
				CLANG_WARN_EMPTY_BODY = YES;
				CLANG_WARN_ENUM_CONVERSION = YES;
				CLANG_WARN_INFINITE_RECURSION = YES;
				CLANG_WARN_INT_CONVERSION = YES;
				CLANG_WARN_NON_LITERAL_NULL_CONVERSION = YES;
				CLANG_WARN_OBJC_IMPLICIT_RETAIN_SELF = YES;
				CLANG_WARN_OBJC_LITERAL_CONVERSION = YES;
				CLANG_WARN_OBJC_ROOT_CLASS = YES_ERROR;
				CLANG_WARN_QUOTED_INCLUDE_IN_FRAMEWORK_HEADER = YES;
				CLANG_WARN_RANGE_LOOP_ANALYSIS = YES;
				CLANG_WARN_STRICT_PROTOTYPES = YES;
				CLANG_WARN_SUSPICIOUS_MOVE = YES;
				CLANG_WARN_UNGUARDED_AVAILABILITY = YES_AGGRESSIVE;
				CLANG_WARN_UNREACHABLE_CODE = YES;
				CLANG_WARN__DUPLICATE_METHOD_MATCH = YES;
				COPY_PHASE_STRIP = NO;
				DEBUG_INFORMATION_FORMAT = "dwarf-with-dsym";
				ENABLE_NS_ASSERTIONS = NO;
				ENABLE_STRICT_OBJC_MSGSEND = YES;
				GCC_C_LANGUAGE_STANDARD = gnu11;
				GCC_NO_COMMON_BLOCKS = YES;
				GCC_WARN_64_TO_32_BIT_CONVERSION = YES;
				GCC_WARN_ABOUT_RETURN_TYPE = YES_ERROR;
				GCC_WARN_UNDECLARED_SELECTOR = YES;
				GCC_WARN_UNINITIALIZED_AUTOS = YES_AGGRESSIVE;
				GCC_WARN_UNUSED_FUNCTION = YES;
				GCC_WARN_UNUSED_VARIABLE = YES;
				IPHONEOS_DEPLOYMENT_TARGET = 15.2;
				MTL_ENABLE_DEBUG_INFO = NO;
				MTL_FAST_MATH = YES;
				SDKROOT = iphoneos;
				SWIFT_COMPILATION_MODE = wholemodule;
				SWIFT_OPTIMIZATION_LEVEL = "-O";
				VALIDATE_PRODUCT = YES;
			};
			name = Release;
		};
		372F9E9D279C30B000E74A15 /* Debug */ = {
			isa = XCBuildConfiguration;
			buildSettings = {
				ASSETCATALOG_COMPILER_APPICON_NAME = AppIcon;
				ASSETCATALOG_COMPILER_GLOBAL_ACCENT_COLOR_NAME = AccentColor;
				CODE_SIGN_STYLE = Automatic;
				CURRENT_PROJECT_VERSION = 1;
				DEVELOPMENT_TEAM = 28TQXS9NQX;
				GENERATE_INFOPLIST_FILE = YES;
				INFOPLIST_FILE = NetflixStyleSampleApp/Info.plist;
				INFOPLIST_KEY_UIApplicationSupportsIndirectInputEvents = YES;
				INFOPLIST_KEY_UILaunchStoryboardName = LaunchScreen;
				INFOPLIST_KEY_UISupportedInterfaceOrientations_iPad = "UIInterfaceOrientationPortrait UIInterfaceOrientationPortraitUpsideDown UIInterfaceOrientationLandscapeLeft UIInterfaceOrientationLandscapeRight";
				INFOPLIST_KEY_UISupportedInterfaceOrientations_iPhone = "UIInterfaceOrientationPortrait UIInterfaceOrientationLandscapeLeft UIInterfaceOrientationLandscapeRight";
				LD_RUNPATH_SEARCH_PATHS = (
					"$(inherited)",
					"@executable_path/Frameworks",
				);
				MARKETING_VERSION = 1.0;
				PRODUCT_BUNDLE_IDENTIFIER = com.tistory.sronsemiro.NetflixStyleSampleApp;
				PRODUCT_NAME = "$(TARGET_NAME)";
				SWIFT_EMIT_LOC_STRINGS = YES;
				SWIFT_VERSION = 5.0;
				TARGETED_DEVICE_FAMILY = "1,2";
			};
			name = Debug;
		};
		372F9E9E279C30B000E74A15 /* Release */ = {
			isa = XCBuildConfiguration;
			buildSettings = {
				ASSETCATALOG_COMPILER_APPICON_NAME = AppIcon;
				ASSETCATALOG_COMPILER_GLOBAL_ACCENT_COLOR_NAME = AccentColor;
				CODE_SIGN_STYLE = Automatic;
				CURRENT_PROJECT_VERSION = 1;
				DEVELOPMENT_TEAM = 28TQXS9NQX;
				GENERATE_INFOPLIST_FILE = YES;
				INFOPLIST_FILE = NetflixStyleSampleApp/Info.plist;
				INFOPLIST_KEY_UIApplicationSupportsIndirectInputEvents = YES;
				INFOPLIST_KEY_UILaunchStoryboardName = LaunchScreen;
				INFOPLIST_KEY_UISupportedInterfaceOrientations_iPad = "UIInterfaceOrientationPortrait UIInterfaceOrientationPortraitUpsideDown UIInterfaceOrientationLandscapeLeft UIInterfaceOrientationLandscapeRight";
				INFOPLIST_KEY_UISupportedInterfaceOrientations_iPhone = "UIInterfaceOrientationPortrait UIInterfaceOrientationLandscapeLeft UIInterfaceOrientationLandscapeRight";
				LD_RUNPATH_SEARCH_PATHS = (
					"$(inherited)",
					"@executable_path/Frameworks",
				);
				MARKETING_VERSION = 1.0;
				PRODUCT_BUNDLE_IDENTIFIER = com.tistory.sronsemiro.NetflixStyleSampleApp;
				PRODUCT_NAME = "$(TARGET_NAME)";
				SWIFT_EMIT_LOC_STRINGS = YES;
				SWIFT_VERSION = 5.0;
				TARGETED_DEVICE_FAMILY = "1,2";
			};
			name = Release;
		};
/* End XCBuildConfiguration section */

/* Begin XCConfigurationList section */
		372F9E83279C30AE00E74A15 /* Build configuration list for PBXProject "NetflixStyleSampleApp" */ = {
			isa = XCConfigurationList;
			buildConfigurations = (
				372F9E9A279C30B000E74A15 /* Debug */,
				372F9E9B279C30B000E74A15 /* Release */,
			);
			defaultConfigurationIsVisible = 0;
			defaultConfigurationName = Release;
		};
		372F9E9C279C30B000E74A15 /* Build configuration list for PBXNativeTarget "NetflixStyleSampleApp" */ = {
			isa = XCConfigurationList;
			buildConfigurations = (
				372F9E9D279C30B000E74A15 /* Debug */,
				372F9E9E279C30B000E74A15 /* Release */,
			);
			defaultConfigurationIsVisible = 0;
			defaultConfigurationName = Release;
		};
/* End XCConfigurationList section */

/* Begin XCRemoteSwiftPackageReference section */
		372F9EA1279C324B00E74A15 /* XCRemoteSwiftPackageReference "SnapKit" */ = {
			isa = XCRemoteSwiftPackageReference;
			repositoryURL = "https://github.com/SnapKit/SnapKit.git";
			requirement = {
				kind = upToNextMajorVersion;
				minimumVersion = 5.0.0;
			};
		};
/* End XCRemoteSwiftPackageReference section */

/* Begin XCSwiftPackageProductDependency section */
		372F9EA2279C324B00E74A15 /* SnapKit */ = {
			isa = XCSwiftPackageProductDependency;
			package = 372F9EA1279C324B00E74A15 /* XCRemoteSwiftPackageReference "SnapKit" */;
			productName = SnapKit;
		};
/* End XCSwiftPackageProductDependency section */
	};
	rootObject = 372F9E80279C30AE00E74A15 /* Project object */;
}
