// !$*UTF8*$!
{
	archiveVersion = 1;
	classes = {
	};
	objectVersion = 55;
	objects = {

/* Begin PBXBuildFile section */
		37315C8F27B577E500A99DA1 /* Feature.plist in Resources */ = {isa = PBXBuildFile; fileRef = 37315C8C27B577E500A99DA1 /* Feature.plist */; };
		37315C9027B577E500A99DA1 /* RankingFeature.plist in Resources */ = {isa = PBXBuildFile; fileRef = 37315C8D27B577E500A99DA1 /* RankingFeature.plist */; };
		37315C9127B577E500A99DA1 /* Today.plist in Resources */ = {isa = PBXBuildFile; fileRef = 37315C8E27B577E500A99DA1 /* Today.plist */; };
		37315C9427B6B06000A99DA1 /* Today.swift in Sources */ = {isa = PBXBuildFile; fileRef = 37315C9327B6B06000A99DA1 /* Today.swift */; };
		37315C9627B6B66200A99DA1 /* Feature.swift in Sources */ = {isa = PBXBuildFile; fileRef = 37315C9527B6B66200A99DA1 /* Feature.swift */; };
		37315C9827B6B6C800A99DA1 /* RankingFeature.swift in Sources */ = {isa = PBXBuildFile; fileRef = 37315C9727B6B6C800A99DA1 /* RankingFeature.swift */; };
		37CCF28427AACED80056E0B3 /* AppDelegate.swift in Sources */ = {isa = PBXBuildFile; fileRef = 37CCF28327AACED80056E0B3 /* AppDelegate.swift */; };
		37CCF28627AACED80056E0B3 /* SceneDelegate.swift in Sources */ = {isa = PBXBuildFile; fileRef = 37CCF28527AACED80056E0B3 /* SceneDelegate.swift */; };
		37CCF28827AACED80056E0B3 /* TabBarController.swift in Sources */ = {isa = PBXBuildFile; fileRef = 37CCF28727AACED80056E0B3 /* TabBarController.swift */; };
		37CCF28D27AACEDA0056E0B3 /* Assets.xcassets in Resources */ = {isa = PBXBuildFile; fileRef = 37CCF28C27AACEDA0056E0B3 /* Assets.xcassets */; };
		37CCF29027AACEDA0056E0B3 /* LaunchScreen.storyboard in Resources */ = {isa = PBXBuildFile; fileRef = 37CCF28E27AACEDA0056E0B3 /* LaunchScreen.storyboard */; };
		37CCF29927AACF540056E0B3 /* Kingfisher in Frameworks */ = {isa = PBXBuildFile; productRef = 37CCF29827AACF540056E0B3 /* Kingfisher */; };
		37CCF29E27AAD3FF0056E0B3 /* TodayViewController.swift in Sources */ = {isa = PBXBuildFile; fileRef = 37CCF29D27AAD3FF0056E0B3 /* TodayViewController.swift */; };
		37D9521A27AAD53F00B9CABE /* SnapKit in Frameworks */ = {isa = PBXBuildFile; productRef = 37D9521927AAD53F00B9CABE /* SnapKit */; };
		37D9521C27AADA5C00B9CABE /* TodayCollectionViewCell.swift in Sources */ = {isa = PBXBuildFile; fileRef = 37D9521B27AADA5C00B9CABE /* TodayCollectionViewCell.swift */; };
		37D9521E27AAE29100B9CABE /* TodayCollectionViewHeader.swift in Sources */ = {isa = PBXBuildFile; fileRef = 37D9521D27AAE29100B9CABE /* TodayCollectionViewHeader.swift */; };
		37D9522027AC197900B9CABE /* AppViewController.swift in Sources */ = {isa = PBXBuildFile; fileRef = 37D9521F27AC197900B9CABE /* AppViewController.swift */; };
		37D9522327AC1E9F00B9CABE /* FeatureSectionView.swift in Sources */ = {isa = PBXBuildFile; fileRef = 37D9522227AC1E9F00B9CABE /* FeatureSectionView.swift */; };
		37D9522527AD6E5100B9CABE /* FeatureSectionCollectionViewCell.swift in Sources */ = {isa = PBXBuildFile; fileRef = 37D9522427AD6E5100B9CABE /* FeatureSectionCollectionViewCell.swift */; };
		37D9522727AD717900B9CABE /* SeparatorView.swift in Sources */ = {isa = PBXBuildFile; fileRef = 37D9522627AD717900B9CABE /* SeparatorView.swift */; };
		37D9522927B1817900B9CABE /* RankingFeatureSectionView.swift in Sources */ = {isa = PBXBuildFile; fileRef = 37D9522827B1817900B9CABE /* RankingFeatureSectionView.swift */; };
		37D9522B27B185B500B9CABE /* RankingFeatureCollectionViewCell.swift in Sources */ = {isa = PBXBuildFile; fileRef = 37D9522A27B185B500B9CABE /* RankingFeatureCollectionViewCell.swift */; };
		37D9522D27B2D88000B9CABE /* ExchangeCodeButtonView.swift in Sources */ = {isa = PBXBuildFile; fileRef = 37D9522C27B2D88000B9CABE /* ExchangeCodeButtonView.swift */; };
		37D9522F27B4168A00B9CABE /* AppDetailViewController.swift in Sources */ = {isa = PBXBuildFile; fileRef = 37D9522E27B4168A00B9CABE /* AppDetailViewController.swift */; };
/* End PBXBuildFile section */

/* Begin PBXFileReference section */
		37315C8C27B577E500A99DA1 /* Feature.plist */ = {isa = PBXFileReference; fileEncoding = 4; lastKnownFileType = text.plist.xml; path = Feature.plist; sourceTree = "<group>"; };
		37315C8D27B577E500A99DA1 /* RankingFeature.plist */ = {isa = PBXFileReference; fileEncoding = 4; lastKnownFileType = text.plist.xml; path = RankingFeature.plist; sourceTree = "<group>"; };
		37315C8E27B577E500A99DA1 /* Today.plist */ = {isa = PBXFileReference; fileEncoding = 4; lastKnownFileType = text.plist.xml; path = Today.plist; sourceTree = "<group>"; };
		37315C9327B6B06000A99DA1 /* Today.swift */ = {isa = PBXFileReference; lastKnownFileType = sourcecode.swift; path = Today.swift; sourceTree = "<group>"; };
		37315C9527B6B66200A99DA1 /* Feature.swift */ = {isa = PBXFileReference; lastKnownFileType = sourcecode.swift; path = Feature.swift; sourceTree = "<group>"; };
		37315C9727B6B6C800A99DA1 /* RankingFeature.swift */ = {isa = PBXFileReference; lastKnownFileType = sourcecode.swift; path = RankingFeature.swift; sourceTree = "<group>"; };
		37CCF28027AACED80056E0B3 /* AppStore.app */ = {isa = PBXFileReference; explicitFileType = wrapper.application; includeInIndex = 0; path = AppStore.app; sourceTree = BUILT_PRODUCTS_DIR; };
		37CCF28327AACED80056E0B3 /* AppDelegate.swift */ = {isa = PBXFileReference; lastKnownFileType = sourcecode.swift; path = AppDelegate.swift; sourceTree = "<group>"; };
		37CCF28527AACED80056E0B3 /* SceneDelegate.swift */ = {isa = PBXFileReference; lastKnownFileType = sourcecode.swift; path = SceneDelegate.swift; sourceTree = "<group>"; };
		37CCF28727AACED80056E0B3 /* TabBarController.swift */ = {isa = PBXFileReference; lastKnownFileType = sourcecode.swift; path = TabBarController.swift; sourceTree = "<group>"; };
		37CCF28C27AACEDA0056E0B3 /* Assets.xcassets */ = {isa = PBXFileReference; lastKnownFileType = folder.assetcatalog; path = Assets.xcassets; sourceTree = "<group>"; };
		37CCF28F27AACEDA0056E0B3 /* Base */ = {isa = PBXFileReference; lastKnownFileType = file.storyboard; name = Base; path = Base.lproj/LaunchScreen.storyboard; sourceTree = "<group>"; };
		37CCF29127AACEDA0056E0B3 /* Info.plist */ = {isa = PBXFileReference; lastKnownFileType = text.plist.xml; path = Info.plist; sourceTree = "<group>"; };
		37CCF29D27AAD3FF0056E0B3 /* TodayViewController.swift */ = {isa = PBXFileReference; lastKnownFileType = sourcecode.swift; path = TodayViewController.swift; sourceTree = "<group>"; };
		37D9521B27AADA5C00B9CABE /* TodayCollectionViewCell.swift */ = {isa = PBXFileReference; lastKnownFileType = sourcecode.swift; path = TodayCollectionViewCell.swift; sourceTree = "<group>"; };
		37D9521D27AAE29100B9CABE /* TodayCollectionViewHeader.swift */ = {isa = PBXFileReference; lastKnownFileType = sourcecode.swift; path = TodayCollectionViewHeader.swift; sourceTree = "<group>"; };
		37D9521F27AC197900B9CABE /* AppViewController.swift */ = {isa = PBXFileReference; lastKnownFileType = sourcecode.swift; path = AppViewController.swift; sourceTree = "<group>"; };
		37D9522227AC1E9F00B9CABE /* FeatureSectionView.swift */ = {isa = PBXFileReference; lastKnownFileType = sourcecode.swift; path = FeatureSectionView.swift; sourceTree = "<group>"; };
		37D9522427AD6E5100B9CABE /* FeatureSectionCollectionViewCell.swift */ = {isa = PBXFileReference; lastKnownFileType = sourcecode.swift; path = FeatureSectionCollectionViewCell.swift; sourceTree = "<group>"; };
		37D9522627AD717900B9CABE /* SeparatorView.swift */ = {isa = PBXFileReference; lastKnownFileType = sourcecode.swift; path = SeparatorView.swift; sourceTree = "<group>"; };
		37D9522827B1817900B9CABE /* RankingFeatureSectionView.swift */ = {isa = PBXFileReference; lastKnownFileType = sourcecode.swift; path = RankingFeatureSectionView.swift; sourceTree = "<group>"; };
		37D9522A27B185B500B9CABE /* RankingFeatureCollectionViewCell.swift */ = {isa = PBXFileReference; lastKnownFileType = sourcecode.swift; path = RankingFeatureCollectionViewCell.swift; sourceTree = "<group>"; };
		37D9522C27B2D88000B9CABE /* ExchangeCodeButtonView.swift */ = {isa = PBXFileReference; lastKnownFileType = sourcecode.swift; path = ExchangeCodeButtonView.swift; sourceTree = "<group>"; };
		37D9522E27B4168A00B9CABE /* AppDetailViewController.swift */ = {isa = PBXFileReference; lastKnownFileType = sourcecode.swift; path = AppDetailViewController.swift; sourceTree = "<group>"; };
/* End PBXFileReference section */

/* Begin PBXFrameworksBuildPhase section */
		37CCF27D27AACED80056E0B3 /* Frameworks */ = {
			isa = PBXFrameworksBuildPhase;
			buildActionMask = 2147483647;
			files = (
				37CCF29927AACF540056E0B3 /* Kingfisher in Frameworks */,
				37D9521A27AAD53F00B9CABE /* SnapKit in Frameworks */,
			);
			runOnlyForDeploymentPostprocessing = 0;
		};
/* End PBXFrameworksBuildPhase section */

/* Begin PBXGroup section */
		37315C9227B578ED00A99DA1 /* Data */ = {
			isa = PBXGroup;
			children = (
				37315C8C27B577E500A99DA1 /* Feature.plist */,
				37315C8D27B577E500A99DA1 /* RankingFeature.plist */,
				37315C8E27B577E500A99DA1 /* Today.plist */,
			);
			path = Data;
			sourceTree = "<group>";
		};
		37CCF27727AACED80056E0B3 = {
			isa = PBXGroup;
			children = (
				37CCF28227AACED80056E0B3 /* AppStore */,
				37CCF28127AACED80056E0B3 /* Products */,
			);
			sourceTree = "<group>";
		};
		37CCF28127AACED80056E0B3 /* Products */ = {
			isa = PBXGroup;
			children = (
				37CCF28027AACED80056E0B3 /* AppStore.app */,
			);
			name = Products;
			sourceTree = "<group>";
		};
		37CCF28227AACED80056E0B3 /* AppStore */ = {
			isa = PBXGroup;
			children = (
				37315C9327B6B06000A99DA1 /* Today.swift */,
				37315C9527B6B66200A99DA1 /* Feature.swift */,
				37315C9727B6B6C800A99DA1 /* RankingFeature.swift */,
				37315C9227B578ED00A99DA1 /* Data */,
				37CCF28327AACED80056E0B3 /* AppDelegate.swift */,
				37CCF28527AACED80056E0B3 /* SceneDelegate.swift */,
				37CCF29B27AAD3E00056E0B3 /* Scenes */,
				37CCF28C27AACEDA0056E0B3 /* Assets.xcassets */,
				37CCF28E27AACEDA0056E0B3 /* LaunchScreen.storyboard */,
				37CCF29127AACEDA0056E0B3 /* Info.plist */,
			);
			path = AppStore;
			sourceTree = "<group>";
		};
		37CCF29B27AAD3E00056E0B3 /* Scenes */ = {
			isa = PBXGroup;
			children = (
				37D9522127AC197D00B9CABE /* App */,
				37CCF29C27AAD3F30056E0B3 /* Today */,
				37CCF28727AACED80056E0B3 /* TabBarController.swift */,
				37D9522E27B4168A00B9CABE /* AppDetailViewController.swift */,
			);
			path = Scenes;
			sourceTree = "<group>";
		};
		37CCF29C27AAD3F30056E0B3 /* Today */ = {
			isa = PBXGroup;
			children = (
				37CCF29D27AAD3FF0056E0B3 /* TodayViewController.swift */,
				37D9521B27AADA5C00B9CABE /* TodayCollectionViewCell.swift */,
				37D9521D27AAE29100B9CABE /* TodayCollectionViewHeader.swift */,
			);
			path = Today;
			sourceTree = "<group>";
		};
		37D9522127AC197D00B9CABE /* App */ = {
			isa = PBXGroup;
			children = (
				37D9521F27AC197900B9CABE /* AppViewController.swift */,
				37D9522227AC1E9F00B9CABE /* FeatureSectionView.swift */,
				37D9522427AD6E5100B9CABE /* FeatureSectionCollectionViewCell.swift */,
				37D9522627AD717900B9CABE /* SeparatorView.swift */,
				37D9522827B1817900B9CABE /* RankingFeatureSectionView.swift */,
				37D9522A27B185B500B9CABE /* RankingFeatureCollectionViewCell.swift */,
				37D9522C27B2D88000B9CABE /* ExchangeCodeButtonView.swift */,
			);
			path = App;
			sourceTree = "<group>";
		};
/* End PBXGroup section */

/* Begin PBXNativeTarget section */
		37CCF27F27AACED80056E0B3 /* AppStore */ = {
			isa = PBXNativeTarget;
			buildConfigurationList = 37CCF29427AACEDA0056E0B3 /* Build configuration list for PBXNativeTarget "AppStore" */;
			buildPhases = (
				37CCF27C27AACED80056E0B3 /* Sources */,
				37CCF27D27AACED80056E0B3 /* Frameworks */,
				37CCF27E27AACED80056E0B3 /* Resources */,
			);
			buildRules = (
			);
			dependencies = (
			);
			name = AppStore;
			packageProductDependencies = (
				37CCF29827AACF540056E0B3 /* Kingfisher */,
				37D9521927AAD53F00B9CABE /* SnapKit */,
			);
			productName = AppStore;
			productReference = 37CCF28027AACED80056E0B3 /* AppStore.app */;
			productType = "com.apple.product-type.application";
		};
/* End PBXNativeTarget section */

/* Begin PBXProject section */
		37CCF27827AACED80056E0B3 /* Project object */ = {
			isa = PBXProject;
			attributes = {
				BuildIndependentTargetsInParallel = 1;
				LastSwiftUpdateCheck = 1320;
				LastUpgradeCheck = 1320;
				TargetAttributes = {
					37CCF27F27AACED80056E0B3 = {
						CreatedOnToolsVersion = 13.2.1;
					};
				};
			};
			buildConfigurationList = 37CCF27B27AACED80056E0B3 /* Build configuration list for PBXProject "AppStore" */;
			compatibilityVersion = "Xcode 13.0";
			developmentRegion = en;
			hasScannedForEncodings = 0;
			knownRegions = (
				en,
				Base,
			);
			mainGroup = 37CCF27727AACED80056E0B3;
			packageReferences = (
				37CCF29727AACF540056E0B3 /* XCRemoteSwiftPackageReference "Kingfisher" */,
				37D9521827AAD53F00B9CABE /* XCRemoteSwiftPackageReference "SnapKit" */,
			);
			productRefGroup = 37CCF28127AACED80056E0B3 /* Products */;
			projectDirPath = "";
			projectRoot = "";
			targets = (
				37CCF27F27AACED80056E0B3 /* AppStore */,
			);
		};
/* End PBXProject section */

/* Begin PBXResourcesBuildPhase section */
		37CCF27E27AACED80056E0B3 /* Resources */ = {
			isa = PBXResourcesBuildPhase;
			buildActionMask = 2147483647;
			files = (
				37315C9027B577E500A99DA1 /* RankingFeature.plist in Resources */,
				37315C9127B577E500A99DA1 /* Today.plist in Resources */,
				37315C8F27B577E500A99DA1 /* Feature.plist in Resources */,
				37CCF29027AACEDA0056E0B3 /* LaunchScreen.storyboard in Resources */,
				37CCF28D27AACEDA0056E0B3 /* Assets.xcassets in Resources */,
			);
			runOnlyForDeploymentPostprocessing = 0;
		};
/* End PBXResourcesBuildPhase section */

/* Begin PBXSourcesBuildPhase section */
		37CCF27C27AACED80056E0B3 /* Sources */ = {
			isa = PBXSourcesBuildPhase;
			buildActionMask = 2147483647;
			files = (
				37CCF29E27AAD3FF0056E0B3 /* TodayViewController.swift in Sources */,
				37315C9427B6B06000A99DA1 /* Today.swift in Sources */,
				37CCF28827AACED80056E0B3 /* TabBarController.swift in Sources */,
				37D9522D27B2D88000B9CABE /* ExchangeCodeButtonView.swift in Sources */,
				37315C9827B6B6C800A99DA1 /* RankingFeature.swift in Sources */,
				37315C9627B6B66200A99DA1 /* Feature.swift in Sources */,
				37D9522727AD717900B9CABE /* SeparatorView.swift in Sources */,
				37CCF28427AACED80056E0B3 /* AppDelegate.swift in Sources */,
				37D9521E27AAE29100B9CABE /* TodayCollectionViewHeader.swift in Sources */,
				37D9522027AC197900B9CABE /* AppViewController.swift in Sources */,
				37D9522527AD6E5100B9CABE /* FeatureSectionCollectionViewCell.swift in Sources */,
				37CCF28627AACED80056E0B3 /* SceneDelegate.swift in Sources */,
				37D9521C27AADA5C00B9CABE /* TodayCollectionViewCell.swift in Sources */,
				37D9522327AC1E9F00B9CABE /* FeatureSectionView.swift in Sources */,
				37D9522F27B4168A00B9CABE /* AppDetailViewController.swift in Sources */,
				37D9522B27B185B500B9CABE /* RankingFeatureCollectionViewCell.swift in Sources */,
				37D9522927B1817900B9CABE /* RankingFeatureSectionView.swift in Sources */,
			);
			runOnlyForDeploymentPostprocessing = 0;
		};
/* End PBXSourcesBuildPhase section */

/* Begin PBXVariantGroup section */
		37CCF28E27AACEDA0056E0B3 /* LaunchScreen.storyboard */ = {
			isa = PBXVariantGroup;
			children = (
				37CCF28F27AACEDA0056E0B3 /* Base */,
			);
			name = LaunchScreen.storyboard;
			sourceTree = "<group>";
		};
/* End PBXVariantGroup section */

/* Begin XCBuildConfiguration section */
		37CCF29227AACEDA0056E0B3 /* Debug */ = {
			isa = XCBuildConfiguration;
			buildSettings = {
				ALWAYS_SEARCH_USER_PATHS = NO;
				CLANG_ANALYZER_NONNULL = YES;
				CLANG_ANALYZER_NUMBER_OBJECT_CONVERSION = YES_AGGRESSIVE;
				CLANG_CXX_LANGUAGE_STANDARD = "gnu++17";
				CLANG_CXX_LIBRARY = "libc++";
				CLANG_ENABLE_MODULES = YES;
				CLANG_ENABLE_OBJC_ARC = YES;
				CLANG_ENABLE_OBJC_WEAK = YES;
				CLANG_WARN_BLOCK_CAPTURE_AUTORELEASING = YES;
				CLANG_WARN_BOOL_CONVERSION = YES;
				CLANG_WARN_COMMA = YES;
				CLANG_WARN_CONSTANT_CONVERSION = YES;
				CLANG_WARN_DEPRECATED_OBJC_IMPLEMENTATIONS = YES;
				CLANG_WARN_DIRECT_OBJC_ISA_USAGE = YES_ERROR;
				CLANG_WARN_DOCUMENTATION_COMMENTS = YES;
				CLANG_WARN_EMPTY_BODY = YES;
				CLANG_WARN_ENUM_CONVERSION = YES;
				CLANG_WARN_INFINITE_RECURSION = YES;
				CLANG_WARN_INT_CONVERSION = YES;
				CLANG_WARN_NON_LITERAL_NULL_CONVERSION = YES;
				CLANG_WARN_OBJC_IMPLICIT_RETAIN_SELF = YES;
				CLANG_WARN_OBJC_LITERAL_CONVERSION = YES;
				CLANG_WARN_OBJC_ROOT_CLASS = YES_ERROR;
				CLANG_WARN_QUOTED_INCLUDE_IN_FRAMEWORK_HEADER = YES;
				CLANG_WARN_RANGE_LOOP_ANALYSIS = YES;
				CLANG_WARN_STRICT_PROTOTYPES = YES;
				CLANG_WARN_SUSPICIOUS_MOVE = YES;
				CLANG_WARN_UNGUARDED_AVAILABILITY = YES_AGGRESSIVE;
				CLANG_WARN_UNREACHABLE_CODE = YES;
				CLANG_WARN__DUPLICATE_METHOD_MATCH = YES;
				COPY_PHASE_STRIP = NO;
				DEBUG_INFORMATION_FORMAT = dwarf;
				ENABLE_STRICT_OBJC_MSGSEND = YES;
				ENABLE_TESTABILITY = YES;
				GCC_C_LANGUAGE_STANDARD = gnu11;
				GCC_DYNAMIC_NO_PIC = NO;
				GCC_NO_COMMON_BLOCKS = YES;
				GCC_OPTIMIZATION_LEVEL = 0;
				GCC_PREPROCESSOR_DEFINITIONS = (
					"DEBUG=1",
					"$(inherited)",
				);
				GCC_WARN_64_TO_32_BIT_CONVERSION = YES;
				GCC_WARN_ABOUT_RETURN_TYPE = YES_ERROR;
				GCC_WARN_UNDECLARED_SELECTOR = YES;
				GCC_WARN_UNINITIALIZED_AUTOS = YES_AGGRESSIVE;
				GCC_WARN_UNUSED_FUNCTION = YES;
				GCC_WARN_UNUSED_VARIABLE = YES;
				IPHONEOS_DEPLOYMENT_TARGET = 15.2;
				MTL_ENABLE_DEBUG_INFO = INCLUDE_SOURCE;
				MTL_FAST_MATH = YES;
				ONLY_ACTIVE_ARCH = YES;
				SDKROOT = iphoneos;
				SWIFT_ACTIVE_COMPILATION_CONDITIONS = DEBUG;
				SWIFT_OPTIMIZATION_LEVEL = "-Onone";
			};
			name = Debug;
		};
		37CCF29327AACEDA0056E0B3 /* Release */ = {
			isa = XCBuildConfiguration;
			buildSettings = {
				ALWAYS_SEARCH_USER_PATHS = NO;
				CLANG_ANALYZER_NONNULL = YES;
				CLANG_ANALYZER_NUMBER_OBJECT_CONVERSION = YES_AGGRESSIVE;
				CLANG_CXX_LANGUAGE_STANDARD = "gnu++17";
				CLANG_CXX_LIBRARY = "libc++";
				CLANG_ENABLE_MODULES = YES;
				CLANG_ENABLE_OBJC_ARC = YES;
				CLANG_ENABLE_OBJC_WEAK = YES;
				CLANG_WARN_BLOCK_CAPTURE_AUTORELEASING = YES;
				CLANG_WARN_BOOL_CONVERSION = YES;
				CLANG_WARN_COMMA = YES;
				CLANG_WARN_CONSTANT_CONVERSION = YES;
				CLANG_WARN_DEPRECATED_OBJC_IMPLEMENTATIONS = YES;
				CLANG_WARN_DIRECT_OBJC_ISA_USAGE = YES_ERROR;
				CLANG_WARN_DOCUMENTATION_COMMENTS = YES;
				CLANG_WARN_EMPTY_BODY = YES;
				CLANG_WARN_ENUM_CONVERSION = YES;
				CLANG_WARN_INFINITE_RECURSION = YES;
				CLANG_WARN_INT_CONVERSION = YES;
				CLANG_WARN_NON_LITERAL_NULL_CONVERSION = YES;
				CLANG_WARN_OBJC_IMPLICIT_RETAIN_SELF = YES;
				CLANG_WARN_OBJC_LITERAL_CONVERSION = YES;
				CLANG_WARN_OBJC_ROOT_CLASS = YES_ERROR;
				CLANG_WARN_QUOTED_INCLUDE_IN_FRAMEWORK_HEADER = YES;
				CLANG_WARN_RANGE_LOOP_ANALYSIS = YES;
				CLANG_WARN_STRICT_PROTOTYPES = YES;
				CLANG_WARN_SUSPICIOUS_MOVE = YES;
				CLANG_WARN_UNGUARDED_AVAILABILITY = YES_AGGRESSIVE;
				CLANG_WARN_UNREACHABLE_CODE = YES;
				CLANG_WARN__DUPLICATE_METHOD_MATCH = YES;
				COPY_PHASE_STRIP = NO;
				DEBUG_INFORMATION_FORMAT = "dwarf-with-dsym";
				ENABLE_NS_ASSERTIONS = NO;
				ENABLE_STRICT_OBJC_MSGSEND = YES;
				GCC_C_LANGUAGE_STANDARD = gnu11;
				GCC_NO_COMMON_BLOCKS = YES;
				GCC_WARN_64_TO_32_BIT_CONVERSION = YES;
				GCC_WARN_ABOUT_RETURN_TYPE = YES_ERROR;
				GCC_WARN_UNDECLARED_SELECTOR = YES;
				GCC_WARN_UNINITIALIZED_AUTOS = YES_AGGRESSIVE;
				GCC_WARN_UNUSED_FUNCTION = YES;
				GCC_WARN_UNUSED_VARIABLE = YES;
				IPHONEOS_DEPLOYMENT_TARGET = 15.2;
				MTL_ENABLE_DEBUG_INFO = NO;
				MTL_FAST_MATH = YES;
				SDKROOT = iphoneos;
				SWIFT_COMPILATION_MODE = wholemodule;
				SWIFT_OPTIMIZATION_LEVEL = "-O";
				VALIDATE_PRODUCT = YES;
			};
			name = Release;
		};
		37CCF29527AACEDA0056E0B3 /* Debug */ = {
			isa = XCBuildConfiguration;
			buildSettings = {
				ASSETCATALOG_COMPILER_APPICON_NAME = AppIcon;
				ASSETCATALOG_COMPILER_GLOBAL_ACCENT_COLOR_NAME = AccentColor;
				CODE_SIGN_STYLE = Automatic;
				CURRENT_PROJECT_VERSION = 1;
				DEVELOPMENT_TEAM = 2TL3P2KALW;
				GENERATE_INFOPLIST_FILE = YES;
				INFOPLIST_FILE = AppStore/Info.plist;
				INFOPLIST_KEY_UIApplicationSupportsIndirectInputEvents = YES;
				INFOPLIST_KEY_UILaunchStoryboardName = LaunchScreen;
				INFOPLIST_KEY_UISupportedInterfaceOrientations_iPad = "UIInterfaceOrientationPortrait UIInterfaceOrientationPortraitUpsideDown UIInterfaceOrientationLandscapeLeft UIInterfaceOrientationLandscapeRight";
				INFOPLIST_KEY_UISupportedInterfaceOrientations_iPhone = "UIInterfaceOrientationPortrait UIInterfaceOrientationLandscapeLeft UIInterfaceOrientationLandscapeRight";
				LD_RUNPATH_SEARCH_PATHS = (
					"$(inherited)",
					"@executable_path/Frameworks",
				);
				MARKETING_VERSION = 1.0;
				PRODUCT_BUNDLE_IDENTIFIER = com.tistory.sronsemiro.AppStore;
				PRODUCT_NAME = "$(TARGET_NAME)";
				SWIFT_EMIT_LOC_STRINGS = YES;
				SWIFT_VERSION = 5.0;
				TARGETED_DEVICE_FAMILY = "1,2";
			};
			name = Debug;
		};
		37CCF29627AACEDA0056E0B3 /* Release */ = {
			isa = XCBuildConfiguration;
			buildSettings = {
				ASSETCATALOG_COMPILER_APPICON_NAME = AppIcon;
				ASSETCATALOG_COMPILER_GLOBAL_ACCENT_COLOR_NAME = AccentColor;
				CODE_SIGN_STYLE = Automatic;
				CURRENT_PROJECT_VERSION = 1;
				DEVELOPMENT_TEAM = 2TL3P2KALW;
				GENERATE_INFOPLIST_FILE = YES;
				INFOPLIST_FILE = AppStore/Info.plist;
				INFOPLIST_KEY_UIApplicationSupportsIndirectInputEvents = YES;
				INFOPLIST_KEY_UILaunchStoryboardName = LaunchScreen;
				INFOPLIST_KEY_UISupportedInterfaceOrientations_iPad = "UIInterfaceOrientationPortrait UIInterfaceOrientationPortraitUpsideDown UIInterfaceOrientationLandscapeLeft UIInterfaceOrientationLandscapeRight";
				INFOPLIST_KEY_UISupportedInterfaceOrientations_iPhone = "UIInterfaceOrientationPortrait UIInterfaceOrientationLandscapeLeft UIInterfaceOrientationLandscapeRight";
				LD_RUNPATH_SEARCH_PATHS = (
					"$(inherited)",
					"@executable_path/Frameworks",
				);
				MARKETING_VERSION = 1.0;
				PRODUCT_BUNDLE_IDENTIFIER = com.tistory.sronsemiro.AppStore;
				PRODUCT_NAME = "$(TARGET_NAME)";
				SWIFT_EMIT_LOC_STRINGS = YES;
				SWIFT_VERSION = 5.0;
				TARGETED_DEVICE_FAMILY = "1,2";
			};
			name = Release;
		};
/* End XCBuildConfiguration section */

/* Begin XCConfigurationList section */
		37CCF27B27AACED80056E0B3 /* Build configuration list for PBXProject "AppStore" */ = {
			isa = XCConfigurationList;
			buildConfigurations = (
				37CCF29227AACEDA0056E0B3 /* Debug */,
				37CCF29327AACEDA0056E0B3 /* Release */,
			);
			defaultConfigurationIsVisible = 0;
			defaultConfigurationName = Release;
		};
		37CCF29427AACEDA0056E0B3 /* Build configuration list for PBXNativeTarget "AppStore" */ = {
			isa = XCConfigurationList;
			buildConfigurations = (
				37CCF29527AACEDA0056E0B3 /* Debug */,
				37CCF29627AACEDA0056E0B3 /* Release */,
			);
			defaultConfigurationIsVisible = 0;
			defaultConfigurationName = Release;
		};
/* End XCConfigurationList section */

/* Begin XCRemoteSwiftPackageReference section */
		37CCF29727AACF540056E0B3 /* XCRemoteSwiftPackageReference "Kingfisher" */ = {
			isa = XCRemoteSwiftPackageReference;
			repositoryURL = "https://github.com/onevcat/Kingfisher.git";
			requirement = {
				branch = master;
				kind = branch;
			};
		};
		37D9521827AAD53F00B9CABE /* XCRemoteSwiftPackageReference "SnapKit" */ = {
			isa = XCRemoteSwiftPackageReference;
			repositoryURL = "https://github.com/SnapKit/SnapKit.git";
			requirement = {
				kind = upToNextMajorVersion;
				minimumVersion = 5.0.0;
			};
		};
/* End XCRemoteSwiftPackageReference section */

/* Begin XCSwiftPackageProductDependency section */
		37CCF29827AACF540056E0B3 /* Kingfisher */ = {
			isa = XCSwiftPackageProductDependency;
			package = 37CCF29727AACF540056E0B3 /* XCRemoteSwiftPackageReference "Kingfisher" */;
			productName = Kingfisher;
		};
		37D9521927AAD53F00B9CABE /* SnapKit */ = {
			isa = XCSwiftPackageProductDependency;
			package = 37D9521827AAD53F00B9CABE /* XCRemoteSwiftPackageReference "SnapKit" */;
			productName = SnapKit;
		};
/* End XCSwiftPackageProductDependency section */
	};
	rootObject = 37CCF27827AACED80056E0B3 /* Project object */;
}
